// !$*UTF8*$!
{
	archiveVersion = 1;
	classes = {
	};
	objectVersion = 54;
	objects = {

/* Begin PBXBuildFile section */
		0C80B921A6F3F58F76C31292 /* libPods-OpenEdgeAI.a in Frameworks */ = {isa = PBXBuildFile; fileRef = 5DCACB8F33CDC322A6C60F78 /* libPods-OpenEdgeAI.a */; };
		13B07FBF1A68108700A75B9A /* Images.xcassets in Resources */ = {isa = PBXBuildFile; fileRef = 13B07FB51A68108700A75B9A /* Images.xcassets */; };
		2D47E8EF76AE2445613FD9E7 /* PrivacyInfo.xcprivacy in Resources */ = {isa = PBXBuildFile; fileRef = 13B07FB81A68108700A75B9A /* PrivacyInfo.xcprivacy */; };
		761780ED2CA45674006654EE /* AppDelegate.swift in Sources */ = {isa = PBXBuildFile; fileRef = 761780EC2CA45674006654EE /* AppDelegate.swift */; };
		81AB9BB82411601600AC10FF /* LaunchScreen.storyboard in Resources */ = {isa = PBXBuildFile; fileRef = 81AB9BB72411601600AC10FF /* LaunchScreen.storyboard */; };
		A2B000000000000000000101 /* NativeModels.swift in Sources */ = {isa = PBXBuildFile; fileRef = A2B000000000000000000001 /* NativeModels.swift */; };
		A2B000000000000000000102 /* NativeWebSearchService.swift in Sources */ = {isa = PBXBuildFile; fileRef = A2B000000000000000000002 /* NativeWebSearchService.swift */; };
		A2B000000000000000000103 /* NativeKnowledgeServices.swift in Sources */ = {isa = PBXBuildFile; fileRef = A2B000000000000000000003 /* NativeKnowledgeServices.swift */; };
		A2B000000000000000000104 /* NativeProjectModels.swift in Sources */ = {isa = PBXBuildFile; fileRef = A2B000000000000000000004 /* NativeProjectModels.swift */; };
		A2B000000000000000000105 /* NativeChatStore.swift in Sources */ = {isa = PBXBuildFile; fileRef = A2B000000000000000000005 /* NativeChatStore.swift */; };
		A2F000000000000000000101 /* NativeLocalization.swift in Sources */ = {isa = PBXBuildFile; fileRef = A2F000000000000000000001 /* NativeLocalization.swift */; };
		A2D000000000000000000101 /* NativeChatStoreDynamicIsland.swift in Sources */ = {isa = PBXBuildFile; fileRef = A2D000000000000000000001 /* NativeChatStoreDynamicIsland.swift */; };
		A2B000000000000000000108 /* NativeSettingsViews.swift in Sources */ = {isa = PBXBuildFile; fileRef = A2B000000000000000000008 /* NativeSettingsViews.swift */; };
		A2C000000000000000000101 /* NativeRootView.swift in Sources */ = {isa = PBXBuildFile; fileRef = A2C000000000000000000001 /* NativeRootView.swift */; };
		A2C000000000000000000102 /* NativeDynamicIslandPetView.swift in Sources */ = {isa = PBXBuildFile; fileRef = A2C000000000000000000002 /* NativeDynamicIslandPetView.swift */; };
		A2C000000000000000000103 /* NativeTopBarViews.swift in Sources */ = {isa = PBXBuildFile; fileRef = A2C000000000000000000003 /* NativeTopBarViews.swift */; };
		A2C000000000000000000104 /* NativeChatTranscriptViews.swift in Sources */ = {isa = PBXBuildFile; fileRef = A2C000000000000000000004 /* NativeChatTranscriptViews.swift */; };
		A2C000000000000000000105 /* NativeMarkdownViews.swift in Sources */ = {isa = PBXBuildFile; fileRef = A2C000000000000000000005 /* NativeMarkdownViews.swift */; };
		A2C000000000000000000106 /* NativeInputViews.swift in Sources */ = {isa = PBXBuildFile; fileRef = A2C000000000000000000006 /* NativeInputViews.swift */; };
		A2C000000000000000000107 /* NativeSessionsListView.swift in Sources */ = {isa = PBXBuildFile; fileRef = A2C000000000000000000007 /* NativeSessionsListView.swift */; };
		A2C000000000000000000108 /* NativeProjectSessionsViews.swift in Sources */ = {isa = PBXBuildFile; fileRef = A2C000000000000000000008 /* NativeProjectSessionsViews.swift */; };
		A2C000000000000000000109 /* NativeSearchViews.swift in Sources */ = {isa = PBXBuildFile; fileRef = A2C000000000000000000009 /* NativeSearchViews.swift */; };
		A2C000000000000000000110 /* NativeProjectEditingViews.swift in Sources */ = {isa = PBXBuildFile; fileRef = A2C000000000000000000010 /* NativeProjectEditingViews.swift */; };
		A2E000000000000000000101 /* NativeTodoListView.swift in Sources */ = {isa = PBXBuildFile; fileRef = A2E000000000000000000001 /* NativeTodoListView.swift */; };
		A1F4C9A12D0B4E8591F00001 /* AIEngineFoundationModelClient.swift in Sources */ = {isa = PBXBuildFile; fileRef = A1F4C9A12D0B4E8591F00000 /* AIEngineFoundationModelClient.swift */; };
		A1F4C9A12D0B4E8591F00005 /* AIEngineGemmaModelClient.swift in Sources */ = {isa = PBXBuildFile; fileRef = A1F4C9A12D0B4E8591F00004 /* AIEngineGemmaModelClient.swift */; };
		A1F4C9A12D0B4E8591F00007 /* AIEngineLiteRtLmRuntime.mm in Sources */ = {isa = PBXBuildFile; fileRef = A1F4C9A12D0B4E8591F00006 /* AIEngineLiteRtLmRuntime.mm */; };
		D1A000000000000000000002 /* DynamicIslandActivityAttributes.swift in Sources */ = {isa = PBXBuildFile; fileRef = D1A000000000000000000001 /* DynamicIslandActivityAttributes.swift */; };
		D1A000000000000000000003 /* DynamicIslandActivityAttributes.swift in Sources */ = {isa = PBXBuildFile; fileRef = D1A000000000000000000001 /* DynamicIslandActivityAttributes.swift */; };
		D1A000000000000000000005 /* NativeDynamicIslandLiveActivityController.swift in Sources */ = {isa = PBXBuildFile; fileRef = D1A000000000000000000004 /* NativeDynamicIslandLiveActivityController.swift */; };
		D1A000000000000000000009 /* OpenEdgeAIWidgetBundle.swift in Sources */ = {isa = PBXBuildFile; fileRef = D1A000000000000000000008 /* OpenEdgeAIWidgetBundle.swift */; };
		D1A00000000000000000000B /* OpenEdgeAILiveActivityWidget.swift in Sources */ = {isa = PBXBuildFile; fileRef = D1A00000000000000000000A /* OpenEdgeAILiveActivityWidget.swift */; };
		D1A00000000000000000000D /* OpenEdgeAIWidget.appex in Embed App Extensions */ = {isa = PBXBuildFile; fileRef = D1A00000000000000000000C /* OpenEdgeAIWidget.appex */; settings = {ATTRIBUTES = (RemoveHeadersOnCopy, ); }; };
		A3E000000000000000000001 /* NativeAppInfoSettingsView.swift in Sources */ = {isa = PBXBuildFile; fileRef = A3F000000000000000000001 /* NativeAppInfoSettingsView.swift */; };
		A3E000000000000000000002 /* NativeAppearanceSettingsView.swift in Sources */ = {isa = PBXBuildFile; fileRef = A3F000000000000000000002 /* NativeAppearanceSettingsView.swift */; };
		A3E000000000000000000003 /* NativeAttachmentViews.swift in Sources */ = {isa = PBXBuildFile; fileRef = A3F000000000000000000003 /* NativeAttachmentViews.swift */; };
		A3E000000000000000000004 /* NativeChatModels.swift in Sources */ = {isa = PBXBuildFile; fileRef = A3F000000000000000000004 /* NativeChatModels.swift */; };
		A3E000000000000000000005 /* NativeChatStoreGeneration.swift in Sources */ = {isa = PBXBuildFile; fileRef = A3F000000000000000000005 /* NativeChatStoreGeneration.swift */; };
		A3E000000000000000000006 /* NativeChatStoreInput.swift in Sources */ = {isa = PBXBuildFile; fileRef = A3F000000000000000000006 /* NativeChatStoreInput.swift */; };
		A3E000000000000000000007 /* NativeChatStoreModelSettings.swift in Sources */ = {isa = PBXBuildFile; fileRef = A3F000000000000000000007 /* NativeChatStoreModelSettings.swift */; };
		A3E000000000000000000008 /* NativeChatStorePromptContext.swift in Sources */ = {isa = PBXBuildFile; fileRef = A3F000000000000000000008 /* NativeChatStorePromptContext.swift */; };
		A3E000000000000000000009 /* NativeChatStoreSessions.swift in Sources */ = {isa = PBXBuildFile; fileRef = A3F000000000000000000009 /* NativeChatStoreSessions.swift */; };
		A3E00000000000000000000A /* NativeChatStoreStorage.swift in Sources */ = {isa = PBXBuildFile; fileRef = A3F00000000000000000000A /* NativeChatStoreStorage.swift */; };
		A3E00000000000000000000B /* NativeChatStoreTodo.swift in Sources */ = {isa = PBXBuildFile; fileRef = A3F00000000000000000000B /* NativeChatStoreTodo.swift */; };
		A3E00000000000000000000C /* NativeCitationTagRenderer.swift in Sources */ = {isa = PBXBuildFile; fileRef = A3F00000000000000000000C /* NativeCitationTagRenderer.swift */; };
		A3E00000000000000000000D /* NativeContextCompressedNotice.swift in Sources */ = {isa = PBXBuildFile; fileRef = A3F00000000000000000000D /* NativeContextCompressedNotice.swift */; };
		A3E00000000000000000000E /* NativeDynamicIslandModels.swift in Sources */ = {isa = PBXBuildFile; fileRef = A3F00000000000000000000E /* NativeDynamicIslandModels.swift */; };
		A3E00000000000000000000F /* NativeEmptyChatView.swift in Sources */ = {isa = PBXBuildFile; fileRef = A3F00000000000000000000F /* NativeEmptyChatView.swift */; };
		A3E000000000000000000010 /* NativeGeneralSettingsView.swift in Sources */ = {isa = PBXBuildFile; fileRef = A3F000000000000000000010 /* NativeGeneralSettingsView.swift */; };
		A3E000000000000000000011 /* NativeInlineMarkdownText.swift in Sources */ = {isa = PBXBuildFile; fileRef = A3F000000000000000000011 /* NativeInlineMarkdownText.swift */; };
		A3E000000000000000000012 /* NativeInteractiveAttributedText.swift in Sources */ = {isa = PBXBuildFile; fileRef = A3F000000000000000000012 /* NativeInteractiveAttributedText.swift */; };
		A3E000000000000000000013 /* NativeLocalizationMessages.swift in Sources */ = {isa = PBXBuildFile; fileRef = A3F000000000000000000013 /* NativeLocalizationMessages.swift */; };
		A3E000000000000000000014 /* NativeMarkdownCodeBlock.swift in Sources */ = {isa = PBXBuildFile; fileRef = A3F000000000000000000014 /* NativeMarkdownCodeBlock.swift */; };
		A3E000000000000000000015 /* NativeMessageSourcesSheet.swift in Sources */ = {isa = PBXBuildFile; fileRef = A3F000000000000000000015 /* NativeMessageSourcesSheet.swift */; };
		A3E000000000000000000016 /* NativeMessageView.swift in Sources */ = {isa = PBXBuildFile; fileRef = A3F000000000000000000016 /* NativeMessageView.swift */; };
		A3E000000000000000000034 /* NativeChatComposerBar.swift in Sources */ = {isa = PBXBuildFile; fileRef = A3F000000000000000000034 /* NativeChatComposerBar.swift */; };
		A3E000000000000000000017 /* NativeModelConfiguration.swift in Sources */ = {isa = PBXBuildFile; fileRef = A3F000000000000000000017 /* NativeModelConfiguration.swift */; };
		A3E000000000000000000018 /* NativeModelSettingsView.swift in Sources */ = {isa = PBXBuildFile; fileRef = A3F000000000000000000018 /* NativeModelSettingsView.swift */; };
		A3E000000000000000000019 /* NativeModelStatus.swift in Sources */ = {isa = PBXBuildFile; fileRef = A3F000000000000000000019 /* NativeModelStatus.swift */; };
		A3E00000000000000000001A /* NativePersonalSettingsView.swift in Sources */ = {isa = PBXBuildFile; fileRef = A3F00000000000000000001A /* NativePersonalSettingsView.swift */; };
		A3E00000000000000000001B /* NativeProjectComposerBar.swift in Sources */ = {isa = PBXBuildFile; fileRef = A3F00000000000000000001B /* NativeProjectComposerBar.swift */; };
		A3E00000000000000000001C /* NativeProjectCreatorComponents.swift in Sources */ = {isa = PBXBuildFile; fileRef = A3F00000000000000000001C /* NativeProjectCreatorComponents.swift */; };
		A3E00000000000000000001D /* NativeProjectSessionRow.swift in Sources */ = {isa = PBXBuildFile; fileRef = A3F00000000000000000001D /* NativeProjectSessionRow.swift */; };
		A3E00000000000000000001E /* NativePromptCompressor.swift in Sources */ = {isa = PBXBuildFile; fileRef = A3F00000000000000000001E /* NativePromptCompressor.swift */; };
		A3E00000000000000000001F /* NativePromptEditor.swift in Sources */ = {isa = PBXBuildFile; fileRef = A3F00000000000000000001F /* NativePromptEditor.swift */; };
		A3E000000000000000000033 /* NativeFloatingComposerSurface.swift in Sources */ = {isa = PBXBuildFile; fileRef = A3F000000000000000000033 /* NativeFloatingComposerSurface.swift */; };
		A3E000000000000000000020 /* NativeQueueView.swift in Sources */ = {isa = PBXBuildFile; fileRef = A3F000000000000000000020 /* NativeQueueView.swift */; };
		A3E000000000000000000021 /* NativeSessionListRow.swift in Sources */ = {isa = PBXBuildFile; fileRef = A3F000000000000000000021 /* NativeSessionListRow.swift */; };
		A3E000000000000000000022 /* NativeSessionsHeaderControls.swift in Sources */ = {isa = PBXBuildFile; fileRef = A3F000000000000000000022 /* NativeSessionsHeaderControls.swift */; };
		A3E000000000000000000023 /* NativeSessionsRows.swift in Sources */ = {isa = PBXBuildFile; fileRef = A3F000000000000000000023 /* NativeSessionsRows.swift */; };
		A3E000000000000000000024 /* NativeSlashCommandViews.swift in Sources */ = {isa = PBXBuildFile; fileRef = A3F000000000000000000024 /* NativeSlashCommandViews.swift */; };
		A3E000000000000000000025 /* NativeSourceFaviconViews.swift in Sources */ = {isa = PBXBuildFile; fileRef = A3F000000000000000000025 /* NativeSourceFaviconViews.swift */; };
		A3E000000000000000000026 /* NativeThemeColors.swift in Sources */ = {isa = PBXBuildFile; fileRef = A3F000000000000000000026 /* NativeThemeColors.swift */; };
		A3E000000000000000000027 /* NativeTodoCalendarSyncError.swift in Sources */ = {isa = PBXBuildFile; fileRef = A3F000000000000000000027 /* NativeTodoCalendarSyncError.swift */; };
		A3E000000000000000000028 /* NativeTodoEditorSheet.swift in Sources */ = {isa = PBXBuildFile; fileRef = A3F000000000000000000028 /* NativeTodoEditorSheet.swift */; };
		A3E000000000000000000029 /* NativeTodoModels.swift in Sources */ = {isa = PBXBuildFile; fileRef = A3F000000000000000000029 /* NativeTodoModels.swift */; };
		A3E00000000000000000002A /* NativeTodoSettingsSheet.swift in Sources */ = {isa = PBXBuildFile; fileRef = A3F00000000000000000002A /* NativeTodoSettingsSheet.swift */; };
		A3E00000000000000000002B /* NativeTodoTaskViews.swift in Sources */ = {isa = PBXBuildFile; fileRef = A3F00000000000000000002B /* NativeTodoTaskViews.swift */; };
		A3E00000000000000000002C /* NativeTodoTimelineViews.swift in Sources */ = {isa = PBXBuildFile; fileRef = A3F00000000000000000002C /* NativeTodoTimelineViews.swift */; };
		A3E00000000000000000002D /* NativeTodoWeekStrip.swift in Sources */ = {isa = PBXBuildFile; fileRef = A3F00000000000000000002D /* NativeTodoWeekStrip.swift */; };
		A3E00000000000000000002E /* NativeWebSearchFetching.swift in Sources */ = {isa = PBXBuildFile; fileRef = A3F00000000000000000002E /* NativeWebSearchFetching.swift */; };
		A3E00000000000000000002F /* NativeWebSearchHTML.swift in Sources */ = {isa = PBXBuildFile; fileRef = A3F00000000000000000002F /* NativeWebSearchHTML.swift */; };
		A3E000000000000000000030 /* NativeWebSearchModels.swift in Sources */ = {isa = PBXBuildFile; fileRef = A3F000000000000000000030 /* NativeWebSearchModels.swift */; };
		A3E000000000000000000031 /* NativeWebSearchParsing.swift in Sources */ = {isa = PBXBuildFile; fileRef = A3F000000000000000000031 /* NativeWebSearchParsing.swift */; };
		A3E000000000000000000032 /* NativeWebSearchPlanning.swift in Sources */ = {isa = PBXBuildFile; fileRef = A3F000000000000000000032 /* NativeWebSearchPlanning.swift */; };
		A4E000000000000000000001 /* NativeTodoChatTools.swift in Sources */ = {isa = PBXBuildFile; fileRef = A4F000000000000000000001 /* NativeTodoChatTools.swift */; };
		A4E000000000000000000002 /* NativeTodoChatToolHelpers.swift in Sources */ = {isa = PBXBuildFile; fileRef = A4F000000000000000000002 /* NativeTodoChatToolHelpers.swift */; };
		A4E000000000000000000003 /* NativeTodoChatToolFormatting.swift in Sources */ = {isa = PBXBuildFile; fileRef = A4F000000000000000000003 /* NativeTodoChatToolFormatting.swift */; };
		A4E000000000000000000004 /* NativeTodoToolParser.swift in Sources */ = {isa = PBXBuildFile; fileRef = A4F000000000000000000004 /* NativeTodoToolParser.swift */; };
		A5E000000000000000000001 /* NativeTodoListModels.swift in Sources */ = {isa = PBXBuildFile; fileRef = A5F000000000000000000001 /* NativeTodoListModels.swift */; };
		A5E000000000000000000002 /* NativeTodoListChrome.swift in Sources */ = {isa = PBXBuildFile; fileRef = A5F000000000000000000002 /* NativeTodoListChrome.swift */; };
		A5E000000000000000000003 /* NativeTodoListSections.swift in Sources */ = {isa = PBXBuildFile; fileRef = A5F000000000000000000003 /* NativeTodoListSections.swift */; };
		A5E000000000000000000004 /* NativeTodoListCalendarContent.swift in Sources */ = {isa = PBXBuildFile; fileRef = A5F000000000000000000004 /* NativeTodoListCalendarContent.swift */; };
		A5E000000000000000000005 /* NativeMarkdownParser.swift in Sources */ = {isa = PBXBuildFile; fileRef = A5F000000000000000000005 /* NativeMarkdownParser.swift */; };
		A5E000000000000000000006 /* NativeMarkdownTableViews.swift in Sources */ = {isa = PBXBuildFile; fileRef = A5F000000000000000000006 /* NativeMarkdownTableViews.swift */; };
		A5E000000000000000000007 /* NativeLocalizationKoreanMessages.swift in Sources */ = {isa = PBXBuildFile; fileRef = A5F000000000000000000007 /* NativeLocalizationKoreanMessages.swift */; };
		A5E000000000000000000008 /* NativeLocalizationEnglishMessages.swift in Sources */ = {isa = PBXBuildFile; fileRef = A5F000000000000000000008 /* NativeLocalizationEnglishMessages.swift */; };
		A5E000000000000000000009 /* NativeI18nKeys.swift in Sources */ = {isa = PBXBuildFile; fileRef = A5F000000000000000000009 /* NativeI18nKeys.swift */; };
		A5E00000000000000000000A /* NativeLocalizationExtensions.swift in Sources */ = {isa = PBXBuildFile; fileRef = A5F00000000000000000000A /* NativeLocalizationExtensions.swift */; };
		A5E00000000000000000000B /* NativeChatStoreCalendarStorage.swift in Sources */ = {isa = PBXBuildFile; fileRef = A5F00000000000000000000B /* NativeChatStoreCalendarStorage.swift */; };
		A5E00000000000000000000C /* NativeChatStoreAttachmentStorage.swift in Sources */ = {isa = PBXBuildFile; fileRef = A5F00000000000000000000C /* NativeChatStoreAttachmentStorage.swift */; };
		A5E00000000000000000000D /* NativeKnowledgeModels.swift in Sources */ = {isa = PBXBuildFile; fileRef = A5F00000000000000000000D /* NativeKnowledgeModels.swift */; };
		A5E00000000000000000000E /* NativeDocumentTextExtractor.swift in Sources */ = {isa = PBXBuildFile; fileRef = A5F00000000000000000000E /* NativeDocumentTextExtractor.swift */; };
		A5E00000000000000000000F /* NativeDeviceContextProvider.swift in Sources */ = {isa = PBXBuildFile; fileRef = A5F00000000000000000000F /* NativeDeviceContextProvider.swift */; };
		A5E000000000000000000010 /* AIEngineGemmaModelClientDownloadDelegate.swift in Sources */ = {isa = PBXBuildFile; fileRef = A5F000000000000000000010 /* AIEngineGemmaModelClientDownloadDelegate.swift */; };
		A5E000000000000000000011 /* AIEngineGemmaModelClientRuntime.swift in Sources */ = {isa = PBXBuildFile; fileRef = A5F000000000000000000011 /* AIEngineGemmaModelClientRuntime.swift */; };
		A5E000000000000000000012 /* AIEngineFoundationModelClientRuntime.swift in Sources */ = {isa = PBXBuildFile; fileRef = A5F000000000000000000012 /* AIEngineFoundationModelClientRuntime.swift */; };
		A5E000000000000000000013 /* NativeChatStorePromptHistory.swift in Sources */ = {isa = PBXBuildFile; fileRef = A5F000000000000000000013 /* NativeChatStorePromptHistory.swift */; };
		A5E000000000000000000014 /* NativeChatStoreSearchPrompt.swift in Sources */ = {isa = PBXBuildFile; fileRef = A5F000000000000000000014 /* NativeChatStoreSearchPrompt.swift */; };
		A5E000000000000000000015 /* NativeChatStoreRuntimeContext.swift in Sources */ = {isa = PBXBuildFile; fileRef = A5F000000000000000000015 /* NativeChatStoreRuntimeContext.swift */; };
		A5E000000000000000000016 /* NativeChatStoreStreamingBuffer.swift in Sources */ = {isa = PBXBuildFile; fileRef = A5F000000000000000000016 /* NativeChatStoreStreamingBuffer.swift */; };
		A5E000000000000000000017 /* NativeChatStoreSearchProgress.swift in Sources */ = {isa = PBXBuildFile; fileRef = A5F000000000000000000017 /* NativeChatStoreSearchProgress.swift */; };
		A5E000000000000000000018 /* NativeTodoSupportingModels.swift in Sources */ = {isa = PBXBuildFile; fileRef = A5F000000000000000000018 /* NativeTodoSupportingModels.swift */; };
		A5E000000000000000000019 /* NativeTodoSeedData.swift in Sources */ = {isa = PBXBuildFile; fileRef = A5F000000000000000000019 /* NativeTodoSeedData.swift */; };
		A5E00000000000000000001A /* NativeTodoSettingsComponents.swift in Sources */ = {isa = PBXBuildFile; fileRef = A5F00000000000000000001A /* NativeTodoSettingsComponents.swift */; };
		A5E00000000000000000001B /* NativeChatComposerComponents.swift in Sources */ = {isa = PBXBuildFile; fileRef = A5F00000000000000000001B /* NativeChatComposerComponents.swift */; };
		A5E00000000000000000001C /* NativeSearchComponents.swift in Sources */ = {isa = PBXBuildFile; fileRef = A5F00000000000000000001C /* NativeSearchComponents.swift */; };
		A5E00000000000000000001D /* NativeTodoEditorComponents.swift in Sources */ = {isa = PBXBuildFile; fileRef = A5F00000000000000000001D /* NativeTodoEditorComponents.swift */; };
		A5E00000000000000000001E /* NativeToolRegistry.swift in Sources */ = {isa = PBXBuildFile; fileRef = A5F00000000000000000001E /* NativeToolRegistry.swift */; };
		A5E00000000000000000001F /* NativeTodoTaskSupportingViews.swift in Sources */ = {isa = PBXBuildFile; fileRef = A5F00000000000000000001F /* NativeTodoTaskSupportingViews.swift */; };
		A5E000000000000000000020 /* NativeMarkdownBlock.swift in Sources */ = {isa = PBXBuildFile; fileRef = A5F000000000000000000020 /* NativeMarkdownBlock.swift */; };
		A6E000000000000000000001 /* NativeDynamicIslandPetSprites.swift in Sources */ = {isa = PBXBuildFile; fileRef = A6F000000000000000000001 /* NativeDynamicIslandPetSprites.swift */; };
		A6E000000000000000000002 /* NativeDynamicIslandPetSprites.swift in Sources */ = {isa = PBXBuildFile; fileRef = A6F000000000000000000001 /* NativeDynamicIslandPetSprites.swift */; };
		A7E000000000000000000001 /* NativeOnboardingView.swift in Sources */ = {isa = PBXBuildFile; fileRef = A7F000000000000000000001 /* NativeOnboardingView.swift */; };
		A9E000000000000000000001 /* NativeOnboardingIllustrations.swift in Sources */ = {isa = PBXBuildFile; fileRef = A9F000000000000000000001 /* NativeOnboardingIllustrations.swift */; };
/* End PBXBuildFile section */

/* Begin PBXContainerItemProxy section */
		D1A000000000000000000017 /* PBXContainerItemProxy */ = {
			isa = PBXContainerItemProxy;
			containerPortal = 83CBB9F71A601CBA00E9B192 /* Project object */;
			proxyType = 1;
			remoteGlobalIDString = D1A000000000000000000011;
			remoteInfo = OpenEdgeAIWidget;
		};
/* End PBXContainerItemProxy section */

/* Begin PBXCopyFilesBuildPhase section */
		D1A000000000000000000015 /* Embed App Extensions */ = {
			isa = PBXCopyFilesBuildPhase;
			buildActionMask = 2147483647;
			dstPath = "";
			dstSubfolderSpec = 13;
			files = (
				D1A00000000000000000000D /* OpenEdgeAIWidget.appex in Embed App Extensions */,
			);
			name = "Embed App Extensions";
			runOnlyForDeploymentPostprocessing = 0;
		};
/* End PBXCopyFilesBuildPhase section */

/* Begin PBXFileReference section */
		13B07F961A680F5B00A75B9A /* OpenEdgeAI.app */ = {isa = PBXFileReference; explicitFileType = wrapper.application; includeInIndex = 0; path = OpenEdgeAI.app; sourceTree = BUILT_PRODUCTS_DIR; };
		13B07FB51A68108700A75B9A /* Images.xcassets */ = {isa = PBXFileReference; lastKnownFileType = folder.assetcatalog; name = Images.xcassets; path = OpenEdgeAI/Images.xcassets; sourceTree = "<group>"; };
		13B07FB61A68108700A75B9A /* Info.plist */ = {isa = PBXFileReference; fileEncoding = 4; lastKnownFileType = text.plist.xml; name = Info.plist; path = OpenEdgeAI/Info.plist; sourceTree = "<group>"; };
		13B07FB81A68108700A75B9A /* PrivacyInfo.xcprivacy */ = {isa = PBXFileReference; fileEncoding = 4; lastKnownFileType = text.plist.xml; name = PrivacyInfo.xcprivacy; path = OpenEdgeAI/PrivacyInfo.xcprivacy; sourceTree = "<group>"; };
		3B4392A12AC88292D35C810B /* Pods-OpenEdgeAI.debug.xcconfig */ = {isa = PBXFileReference; includeInIndex = 1; lastKnownFileType = text.xcconfig; name = "Pods-OpenEdgeAI.debug.xcconfig"; path = "Target Support Files/Pods-OpenEdgeAI/Pods-OpenEdgeAI.debug.xcconfig"; sourceTree = "<group>"; };
		5709B34CF0A7D63546082F79 /* Pods-OpenEdgeAI.release.xcconfig */ = {isa = PBXFileReference; includeInIndex = 1; lastKnownFileType = text.xcconfig; name = "Pods-OpenEdgeAI.release.xcconfig"; path = "Target Support Files/Pods-OpenEdgeAI/Pods-OpenEdgeAI.release.xcconfig"; sourceTree = "<group>"; };
		5DCACB8F33CDC322A6C60F78 /* libPods-OpenEdgeAI.a */ = {isa = PBXFileReference; explicitFileType = archive.ar; includeInIndex = 0; path = "libPods-OpenEdgeAI.a"; sourceTree = BUILT_PRODUCTS_DIR; };
		761780EC2CA45674006654EE /* AppDelegate.swift */ = {isa = PBXFileReference; lastKnownFileType = sourcecode.swift; name = AppDelegate.swift; path = OpenEdgeAI/AppDelegate.swift; sourceTree = "<group>"; };
		81AB9BB72411601600AC10FF /* LaunchScreen.storyboard */ = {isa = PBXFileReference; fileEncoding = 4; lastKnownFileType = file.storyboard; name = LaunchScreen.storyboard; path = OpenEdgeAI/LaunchScreen.storyboard; sourceTree = "<group>"; };
		A2B000000000000000000001 /* NativeModels.swift */ = {isa = PBXFileReference; lastKnownFileType = sourcecode.swift; name = NativeModels.swift; path = OpenEdgeAI/NativeModels.swift; sourceTree = "<group>"; };
		A2B000000000000000000002 /* NativeWebSearchService.swift */ = {isa = PBXFileReference; lastKnownFileType = sourcecode.swift; name = NativeWebSearchService.swift; path = OpenEdgeAI/NativeWebSearchService.swift; sourceTree = "<group>"; };
		A2B000000000000000000003 /* NativeKnowledgeServices.swift */ = {isa = PBXFileReference; lastKnownFileType = sourcecode.swift; name = NativeKnowledgeServices.swift; path = OpenEdgeAI/NativeKnowledgeServices.swift; sourceTree = "<group>"; };
		A2B000000000000000000004 /* NativeProjectModels.swift */ = {isa = PBXFileReference; lastKnownFileType = sourcecode.swift; name = NativeProjectModels.swift; path = OpenEdgeAI/NativeProjectModels.swift; sourceTree = "<group>"; };
		A2B000000000000000000005 /* NativeChatStore.swift */ = {isa = PBXFileReference; lastKnownFileType = sourcecode.swift; name = NativeChatStore.swift; path = OpenEdgeAI/NativeChatStore.swift; sourceTree = "<group>"; };
		A2F000000000000000000001 /* NativeLocalization.swift */ = {isa = PBXFileReference; lastKnownFileType = sourcecode.swift; name = NativeLocalization.swift; path = OpenEdgeAI/NativeLocalization.swift; sourceTree = "<group>"; };
		A2D000000000000000000001 /* NativeChatStoreDynamicIsland.swift */ = {isa = PBXFileReference; lastKnownFileType = sourcecode.swift; name = NativeChatStoreDynamicIsland.swift; path = OpenEdgeAI/NativeChatStoreDynamicIsland.swift; sourceTree = "<group>"; };
		A2B000000000000000000008 /* NativeSettingsViews.swift */ = {isa = PBXFileReference; lastKnownFileType = sourcecode.swift; name = NativeSettingsViews.swift; path = OpenEdgeAI/NativeSettingsViews.swift; sourceTree = "<group>"; };
		A2C000000000000000000001 /* NativeRootView.swift */ = {isa = PBXFileReference; lastKnownFileType = sourcecode.swift; name = NativeRootView.swift; path = OpenEdgeAI/NativeRootView.swift; sourceTree = "<group>"; };
		A2C000000000000000000002 /* NativeDynamicIslandPetView.swift */ = {isa = PBXFileReference; lastKnownFileType = sourcecode.swift; name = NativeDynamicIslandPetView.swift; path = OpenEdgeAI/NativeDynamicIslandPetView.swift; sourceTree = "<group>"; };
		A2C000000000000000000003 /* NativeTopBarViews.swift */ = {isa = PBXFileReference; lastKnownFileType = sourcecode.swift; name = NativeTopBarViews.swift; path = OpenEdgeAI/NativeTopBarViews.swift; sourceTree = "<group>"; };
		A2C000000000000000000004 /* NativeChatTranscriptViews.swift */ = {isa = PBXFileReference; lastKnownFileType = sourcecode.swift; name = NativeChatTranscriptViews.swift; path = OpenEdgeAI/NativeChatTranscriptViews.swift; sourceTree = "<group>"; };
		A2C000000000000000000005 /* NativeMarkdownViews.swift */ = {isa = PBXFileReference; lastKnownFileType = sourcecode.swift; name = NativeMarkdownViews.swift; path = OpenEdgeAI/NativeMarkdownViews.swift; sourceTree = "<group>"; };
		A2C000000000000000000006 /* NativeInputViews.swift */ = {isa = PBXFileReference; lastKnownFileType = sourcecode.swift; name = NativeInputViews.swift; path = OpenEdgeAI/NativeInputViews.swift; sourceTree = "<group>"; };
		A2C000000000000000000007 /* NativeSessionsListView.swift */ = {isa = PBXFileReference; lastKnownFileType = sourcecode.swift; name = NativeSessionsListView.swift; path = OpenEdgeAI/NativeSessionsListView.swift; sourceTree = "<group>"; };
		A2C000000000000000000008 /* NativeProjectSessionsViews.swift */ = {isa = PBXFileReference; lastKnownFileType = sourcecode.swift; name = NativeProjectSessionsViews.swift; path = OpenEdgeAI/NativeProjectSessionsViews.swift; sourceTree = "<group>"; };
		A2C000000000000000000009 /* NativeSearchViews.swift */ = {isa = PBXFileReference; lastKnownFileType = sourcecode.swift; name = NativeSearchViews.swift; path = OpenEdgeAI/NativeSearchViews.swift; sourceTree = "<group>"; };
		A2C000000000000000000010 /* NativeProjectEditingViews.swift */ = {isa = PBXFileReference; lastKnownFileType = sourcecode.swift; name = NativeProjectEditingViews.swift; path = OpenEdgeAI/NativeProjectEditingViews.swift; sourceTree = "<group>"; };
		A2E000000000000000000001 /* NativeTodoListView.swift */ = {isa = PBXFileReference; lastKnownFileType = sourcecode.swift; name = NativeTodoListView.swift; path = OpenEdgeAI/NativeTodoListView.swift; sourceTree = "<group>"; };
		A1F4C9A12D0B4E8591F00000 /* AIEngineFoundationModelClient.swift */ = {isa = PBXFileReference; lastKnownFileType = sourcecode.swift; name = AIEngineFoundationModelClient.swift; path = OpenEdgeAI/AIEngineFoundationModelClient.swift; sourceTree = "<group>"; };
		A1F4C9A12D0B4E8591F00004 /* AIEngineGemmaModelClient.swift */ = {isa = PBXFileReference; lastKnownFileType = sourcecode.swift; name = AIEngineGemmaModelClient.swift; path = OpenEdgeAI/AIEngineGemmaModelClient.swift; sourceTree = "<group>"; };
		A1F4C9A12D0B4E8591F00006 /* AIEngineLiteRtLmRuntime.mm */ = {isa = PBXFileReference; fileEncoding = 4; lastKnownFileType = sourcecode.cpp.objcpp; name = AIEngineLiteRtLmRuntime.mm; path = OpenEdgeAI/AIEngineLiteRtLmRuntime.mm; sourceTree = "<group>"; };
		A1F4C9A12D0B4E8591F00008 /* AIEngineLiteRtLmRuntime.h */ = {isa = PBXFileReference; fileEncoding = 4; lastKnownFileType = sourcecode.c.h; name = AIEngineLiteRtLmRuntime.h; path = OpenEdgeAI/AIEngineLiteRtLmRuntime.h; sourceTree = "<group>"; };
		A1F4C9A12D0B4E8591F00009 /* OpenEdgeAI-Bridging-Header.h */ = {isa = PBXFileReference; fileEncoding = 4; lastKnownFileType = sourcecode.c.h; name = "OpenEdgeAI-Bridging-Header.h"; path = "OpenEdgeAI/OpenEdgeAI-Bridging-Header.h"; sourceTree = "<group>"; };
		D1A000000000000000000001 /* DynamicIslandActivityAttributes.swift */ = {isa = PBXFileReference; lastKnownFileType = sourcecode.swift; name = DynamicIslandActivityAttributes.swift; path = OpenEdgeAI/DynamicIslandActivityAttributes.swift; sourceTree = "<group>"; };
		D1A000000000000000000004 /* NativeDynamicIslandLiveActivityController.swift */ = {isa = PBXFileReference; lastKnownFileType = sourcecode.swift; name = NativeDynamicIslandLiveActivityController.swift; path = OpenEdgeAI/NativeDynamicIslandLiveActivityController.swift; sourceTree = "<group>"; };
		D1A000000000000000000007 /* Info.plist */ = {isa = PBXFileReference; lastKnownFileType = text.plist.xml; name = Info.plist; path = OpenEdgeAIWidget/Info.plist; sourceTree = "<group>"; };
		D1A000000000000000000008 /* OpenEdgeAIWidgetBundle.swift */ = {isa = PBXFileReference; lastKnownFileType = sourcecode.swift; name = OpenEdgeAIWidgetBundle.swift; path = OpenEdgeAIWidget/OpenEdgeAIWidgetBundle.swift; sourceTree = "<group>"; };
		D1A00000000000000000000A /* OpenEdgeAILiveActivityWidget.swift */ = {isa = PBXFileReference; lastKnownFileType = sourcecode.swift; name = OpenEdgeAILiveActivityWidget.swift; path = OpenEdgeAIWidget/OpenEdgeAILiveActivityWidget.swift; sourceTree = "<group>"; };
		D1A00000000000000000000C /* OpenEdgeAIWidget.appex */ = {isa = PBXFileReference; explicitFileType = "wrapper.app-extension"; includeInIndex = 0; path = OpenEdgeAIWidget.appex; sourceTree = BUILT_PRODUCTS_DIR; };
		ED297162215061F000B7C4FE /* JavaScriptCore.framework */ = {isa = PBXFileReference; lastKnownFileType = wrapper.framework; name = JavaScriptCore.framework; path = System/Library/Frameworks/JavaScriptCore.framework; sourceTree = SDKROOT; };
		A3F000000000000000000001 /* NativeAppInfoSettingsView.swift */ = {isa = PBXFileReference; lastKnownFileType = sourcecode.swift; name = NativeAppInfoSettingsView.swift; path = OpenEdgeAI/NativeAppInfoSettingsView.swift; sourceTree = "<group>"; };
		A3F000000000000000000002 /* NativeAppearanceSettingsView.swift */ = {isa = PBXFileReference; lastKnownFileType = sourcecode.swift; name = NativeAppearanceSettingsView.swift; path = OpenEdgeAI/NativeAppearanceSettingsView.swift; sourceTree = "<group>"; };
		A3F000000000000000000003 /* NativeAttachmentViews.swift */ = {isa = PBXFileReference; lastKnownFileType = sourcecode.swift; name = NativeAttachmentViews.swift; path = OpenEdgeAI/NativeAttachmentViews.swift; sourceTree = "<group>"; };
		A3F000000000000000000004 /* NativeChatModels.swift */ = {isa = PBXFileReference; lastKnownFileType = sourcecode.swift; name = NativeChatModels.swift; path = OpenEdgeAI/NativeChatModels.swift; sourceTree = "<group>"; };
		A3F000000000000000000005 /* NativeChatStoreGeneration.swift */ = {isa = PBXFileReference; lastKnownFileType = sourcecode.swift; name = NativeChatStoreGeneration.swift; path = OpenEdgeAI/NativeChatStoreGeneration.swift; sourceTree = "<group>"; };
		A3F000000000000000000006 /* NativeChatStoreInput.swift */ = {isa = PBXFileReference; lastKnownFileType = sourcecode.swift; name = NativeChatStoreInput.swift; path = OpenEdgeAI/NativeChatStoreInput.swift; sourceTree = "<group>"; };
		A3F000000000000000000007 /* NativeChatStoreModelSettings.swift */ = {isa = PBXFileReference; lastKnownFileType = sourcecode.swift; name = NativeChatStoreModelSettings.swift; path = OpenEdgeAI/NativeChatStoreModelSettings.swift; sourceTree = "<group>"; };
		A3F000000000000000000008 /* NativeChatStorePromptContext.swift */ = {isa = PBXFileReference; lastKnownFileType = sourcecode.swift; name = NativeChatStorePromptContext.swift; path = OpenEdgeAI/NativeChatStorePromptContext.swift; sourceTree = "<group>"; };
		A3F000000000000000000009 /* NativeChatStoreSessions.swift */ = {isa = PBXFileReference; lastKnownFileType = sourcecode.swift; name = NativeChatStoreSessions.swift; path = OpenEdgeAI/NativeChatStoreSessions.swift; sourceTree = "<group>"; };
		A3F00000000000000000000A /* NativeChatStoreStorage.swift */ = {isa = PBXFileReference; lastKnownFileType = sourcecode.swift; name = NativeChatStoreStorage.swift; path = OpenEdgeAI/NativeChatStoreStorage.swift; sourceTree = "<group>"; };
		A3F00000000000000000000B /* NativeChatStoreTodo.swift */ = {isa = PBXFileReference; lastKnownFileType = sourcecode.swift; name = NativeChatStoreTodo.swift; path = OpenEdgeAI/NativeChatStoreTodo.swift; sourceTree = "<group>"; };
		A3F00000000000000000000C /* NativeCitationTagRenderer.swift */ = {isa = PBXFileReference; lastKnownFileType = sourcecode.swift; name = NativeCitationTagRenderer.swift; path = OpenEdgeAI/NativeCitationTagRenderer.swift; sourceTree = "<group>"; };
		A3F00000000000000000000D /* NativeContextCompressedNotice.swift */ = {isa = PBXFileReference; lastKnownFileType = sourcecode.swift; name = NativeContextCompressedNotice.swift; path = OpenEdgeAI/NativeContextCompressedNotice.swift; sourceTree = "<group>"; };
		A3F00000000000000000000E /* NativeDynamicIslandModels.swift */ = {isa = PBXFileReference; lastKnownFileType = sourcecode.swift; name = NativeDynamicIslandModels.swift; path = OpenEdgeAI/NativeDynamicIslandModels.swift; sourceTree = "<group>"; };
		A3F00000000000000000000F /* NativeEmptyChatView.swift */ = {isa = PBXFileReference; lastKnownFileType = sourcecode.swift; name = NativeEmptyChatView.swift; path = OpenEdgeAI/NativeEmptyChatView.swift; sourceTree = "<group>"; };
		A3F000000000000000000010 /* NativeGeneralSettingsView.swift */ = {isa = PBXFileReference; lastKnownFileType = sourcecode.swift; name = NativeGeneralSettingsView.swift; path = OpenEdgeAI/NativeGeneralSettingsView.swift; sourceTree = "<group>"; };
		A3F000000000000000000011 /* NativeInlineMarkdownText.swift */ = {isa = PBXFileReference; lastKnownFileType = sourcecode.swift; name = NativeInlineMarkdownText.swift; path = OpenEdgeAI/NativeInlineMarkdownText.swift; sourceTree = "<group>"; };
		A3F000000000000000000012 /* NativeInteractiveAttributedText.swift */ = {isa = PBXFileReference; lastKnownFileType = sourcecode.swift; name = NativeInteractiveAttributedText.swift; path = OpenEdgeAI/NativeInteractiveAttributedText.swift; sourceTree = "<group>"; };
		A3F000000000000000000013 /* NativeLocalizationMessages.swift */ = {isa = PBXFileReference; lastKnownFileType = sourcecode.swift; name = NativeLocalizationMessages.swift; path = OpenEdgeAI/NativeLocalizationMessages.swift; sourceTree = "<group>"; };
		A3F000000000000000000014 /* NativeMarkdownCodeBlock.swift */ = {isa = PBXFileReference; lastKnownFileType = sourcecode.swift; name = NativeMarkdownCodeBlock.swift; path = OpenEdgeAI/NativeMarkdownCodeBlock.swift; sourceTree = "<group>"; };
		A3F000000000000000000015 /* NativeMessageSourcesSheet.swift */ = {isa = PBXFileReference; lastKnownFileType = sourcecode.swift; name = NativeMessageSourcesSheet.swift; path = OpenEdgeAI/NativeMessageSourcesSheet.swift; sourceTree = "<group>"; };
		A3F000000000000000000016 /* NativeMessageView.swift */ = {isa = PBXFileReference; lastKnownFileType = sourcecode.swift; name = NativeMessageView.swift; path = OpenEdgeAI/NativeMessageView.swift; sourceTree = "<group>"; };
		A3F000000000000000000034 /* NativeChatComposerBar.swift */ = {isa = PBXFileReference; lastKnownFileType = sourcecode.swift; name = NativeChatComposerBar.swift; path = OpenEdgeAI/NativeChatComposerBar.swift; sourceTree = "<group>"; };
		A3F000000000000000000017 /* NativeModelConfiguration.swift */ = {isa = PBXFileReference; lastKnownFileType = sourcecode.swift; name = NativeModelConfiguration.swift; path = OpenEdgeAI/NativeModelConfiguration.swift; sourceTree = "<group>"; };
		A3F000000000000000000018 /* NativeModelSettingsView.swift */ = {isa = PBXFileReference; lastKnownFileType = sourcecode.swift; name = NativeModelSettingsView.swift; path = OpenEdgeAI/NativeModelSettingsView.swift; sourceTree = "<group>"; };
		A3F000000000000000000019 /* NativeModelStatus.swift */ = {isa = PBXFileReference; lastKnownFileType = sourcecode.swift; name = NativeModelStatus.swift; path = OpenEdgeAI/NativeModelStatus.swift; sourceTree = "<group>"; };
		A3F00000000000000000001A /* NativePersonalSettingsView.swift */ = {isa = PBXFileReference; lastKnownFileType = sourcecode.swift; name = NativePersonalSettingsView.swift; path = OpenEdgeAI/NativePersonalSettingsView.swift; sourceTree = "<group>"; };
		A3F00000000000000000001B /* NativeProjectComposerBar.swift */ = {isa = PBXFileReference; lastKnownFileType = sourcecode.swift; name = NativeProjectComposerBar.swift; path = OpenEdgeAI/NativeProjectComposerBar.swift; sourceTree = "<group>"; };
		A3F00000000000000000001C /* NativeProjectCreatorComponents.swift */ = {isa = PBXFileReference; lastKnownFileType = sourcecode.swift; name = NativeProjectCreatorComponents.swift; path = OpenEdgeAI/NativeProjectCreatorComponents.swift; sourceTree = "<group>"; };
		A3F00000000000000000001D /* NativeProjectSessionRow.swift */ = {isa = PBXFileReference; lastKnownFileType = sourcecode.swift; name = NativeProjectSessionRow.swift; path = OpenEdgeAI/NativeProjectSessionRow.swift; sourceTree = "<group>"; };
		A3F00000000000000000001E /* NativePromptCompressor.swift */ = {isa = PBXFileReference; lastKnownFileType = sourcecode.swift; name = NativePromptCompressor.swift; path = OpenEdgeAI/NativePromptCompressor.swift; sourceTree = "<group>"; };
		A3F00000000000000000001F /* NativePromptEditor.swift */ = {isa = PBXFileReference; lastKnownFileType = sourcecode.swift; name = NativePromptEditor.swift; path = OpenEdgeAI/NativePromptEditor.swift; sourceTree = "<group>"; };
		A3F000000000000000000033 /* NativeFloatingComposerSurface.swift */ = {isa = PBXFileReference; lastKnownFileType = sourcecode.swift; name = NativeFloatingComposerSurface.swift; path = OpenEdgeAI/NativeFloatingComposerSurface.swift; sourceTree = "<group>"; };
		A3F000000000000000000020 /* NativeQueueView.swift */ = {isa = PBXFileReference; lastKnownFileType = sourcecode.swift; name = NativeQueueView.swift; path = OpenEdgeAI/NativeQueueView.swift; sourceTree = "<group>"; };
		A3F000000000000000000021 /* NativeSessionListRow.swift */ = {isa = PBXFileReference; lastKnownFileType = sourcecode.swift; name = NativeSessionListRow.swift; path = OpenEdgeAI/NativeSessionListRow.swift; sourceTree = "<group>"; };
		A3F000000000000000000022 /* NativeSessionsHeaderControls.swift */ = {isa = PBXFileReference; lastKnownFileType = sourcecode.swift; name = NativeSessionsHeaderControls.swift; path = OpenEdgeAI/NativeSessionsHeaderControls.swift; sourceTree = "<group>"; };
		A3F000000000000000000023 /* NativeSessionsRows.swift */ = {isa = PBXFileReference; lastKnownFileType = sourcecode.swift; name = NativeSessionsRows.swift; path = OpenEdgeAI/NativeSessionsRows.swift; sourceTree = "<group>"; };
		A3F000000000000000000024 /* NativeSlashCommandViews.swift */ = {isa = PBXFileReference; lastKnownFileType = sourcecode.swift; name = NativeSlashCommandViews.swift; path = OpenEdgeAI/NativeSlashCommandViews.swift; sourceTree = "<group>"; };
		A3F000000000000000000025 /* NativeSourceFaviconViews.swift */ = {isa = PBXFileReference; lastKnownFileType = sourcecode.swift; name = NativeSourceFaviconViews.swift; path = OpenEdgeAI/NativeSourceFaviconViews.swift; sourceTree = "<group>"; };
		A3F000000000000000000026 /* NativeThemeColors.swift */ = {isa = PBXFileReference; lastKnownFileType = sourcecode.swift; name = NativeThemeColors.swift; path = OpenEdgeAI/NativeThemeColors.swift; sourceTree = "<group>"; };
		A3F000000000000000000027 /* NativeTodoCalendarSyncError.swift */ = {isa = PBXFileReference; lastKnownFileType = sourcecode.swift; name = NativeTodoCalendarSyncError.swift; path = OpenEdgeAI/NativeTodoCalendarSyncError.swift; sourceTree = "<group>"; };
		A3F000000000000000000028 /* NativeTodoEditorSheet.swift */ = {isa = PBXFileReference; lastKnownFileType = sourcecode.swift; name = NativeTodoEditorSheet.swift; path = OpenEdgeAI/NativeTodoEditorSheet.swift; sourceTree = "<group>"; };
		A3F000000000000000000029 /* NativeTodoModels.swift */ = {isa = PBXFileReference; lastKnownFileType = sourcecode.swift; name = NativeTodoModels.swift; path = OpenEdgeAI/NativeTodoModels.swift; sourceTree = "<group>"; };
		A3F00000000000000000002A /* NativeTodoSettingsSheet.swift */ = {isa = PBXFileReference; lastKnownFileType = sourcecode.swift; name = NativeTodoSettingsSheet.swift; path = OpenEdgeAI/NativeTodoSettingsSheet.swift; sourceTree = "<group>"; };
		A3F00000000000000000002B /* NativeTodoTaskViews.swift */ = {isa = PBXFileReference; lastKnownFileType = sourcecode.swift; name = NativeTodoTaskViews.swift; path = OpenEdgeAI/NativeTodoTaskViews.swift; sourceTree = "<group>"; };
		A3F00000000000000000002C /* NativeTodoTimelineViews.swift */ = {isa = PBXFileReference; lastKnownFileType = sourcecode.swift; name = NativeTodoTimelineViews.swift; path = OpenEdgeAI/NativeTodoTimelineViews.swift; sourceTree = "<group>"; };
		A3F00000000000000000002D /* NativeTodoWeekStrip.swift */ = {isa = PBXFileReference; lastKnownFileType = sourcecode.swift; name = NativeTodoWeekStrip.swift; path = OpenEdgeAI/NativeTodoWeekStrip.swift; sourceTree = "<group>"; };
		A3F00000000000000000002E /* NativeWebSearchFetching.swift */ = {isa = PBXFileReference; lastKnownFileType = sourcecode.swift; name = NativeWebSearchFetching.swift; path = OpenEdgeAI/NativeWebSearchFetching.swift; sourceTree = "<group>"; };
		A3F00000000000000000002F /* NativeWebSearchHTML.swift */ = {isa = PBXFileReference; lastKnownFileType = sourcecode.swift; name = NativeWebSearchHTML.swift; path = OpenEdgeAI/NativeWebSearchHTML.swift; sourceTree = "<group>"; };
		A3F000000000000000000030 /* NativeWebSearchModels.swift */ = {isa = PBXFileReference; lastKnownFileType = sourcecode.swift; name = NativeWebSearchModels.swift; path = OpenEdgeAI/NativeWebSearchModels.swift; sourceTree = "<group>"; };
		A3F000000000000000000031 /* NativeWebSearchParsing.swift */ = {isa = PBXFileReference; lastKnownFileType = sourcecode.swift; name = NativeWebSearchParsing.swift; path = OpenEdgeAI/NativeWebSearchParsing.swift; sourceTree = "<group>"; };
		A3F000000000000000000032 /* NativeWebSearchPlanning.swift */ = {isa = PBXFileReference; lastKnownFileType = sourcecode.swift; name = NativeWebSearchPlanning.swift; path = OpenEdgeAI/NativeWebSearchPlanning.swift; sourceTree = "<group>"; };
		A4F000000000000000000001 /* NativeTodoChatTools.swift */ = {isa = PBXFileReference; lastKnownFileType = sourcecode.swift; name = NativeTodoChatTools.swift; path = OpenEdgeAI/NativeTodoChatTools.swift; sourceTree = "<group>"; };
		A4F000000000000000000002 /* NativeTodoChatToolHelpers.swift */ = {isa = PBXFileReference; lastKnownFileType = sourcecode.swift; name = NativeTodoChatToolHelpers.swift; path = OpenEdgeAI/NativeTodoChatToolHelpers.swift; sourceTree = "<group>"; };
		A4F000000000000000000003 /* NativeTodoChatToolFormatting.swift */ = {isa = PBXFileReference; lastKnownFileType = sourcecode.swift; name = NativeTodoChatToolFormatting.swift; path = OpenEdgeAI/NativeTodoChatToolFormatting.swift; sourceTree = "<group>"; };
		A4F000000000000000000004 /* NativeTodoToolParser.swift */ = {isa = PBXFileReference; lastKnownFileType = sourcecode.swift; name = NativeTodoToolParser.swift; path = OpenEdgeAI/NativeTodoToolParser.swift; sourceTree = "<group>"; };
		A5F000000000000000000001 /* NativeTodoListModels.swift */ = {isa = PBXFileReference; lastKnownFileType = sourcecode.swift; name = NativeTodoListModels.swift; path = OpenEdgeAI/NativeTodoListModels.swift; sourceTree = "<group>"; };
		A5F000000000000000000002 /* NativeTodoListChrome.swift */ = {isa = PBXFileReference; lastKnownFileType = sourcecode.swift; name = NativeTodoListChrome.swift; path = OpenEdgeAI/NativeTodoListChrome.swift; sourceTree = "<group>"; };
		A5F000000000000000000003 /* NativeTodoListSections.swift */ = {isa = PBXFileReference; lastKnownFileType = sourcecode.swift; name = NativeTodoListSections.swift; path = OpenEdgeAI/NativeTodoListSections.swift; sourceTree = "<group>"; };
		A5F000000000000000000004 /* NativeTodoListCalendarContent.swift */ = {isa = PBXFileReference; lastKnownFileType = sourcecode.swift; name = NativeTodoListCalendarContent.swift; path = OpenEdgeAI/NativeTodoListCalendarContent.swift; sourceTree = "<group>"; };
		A5F000000000000000000005 /* NativeMarkdownParser.swift */ = {isa = PBXFileReference; lastKnownFileType = sourcecode.swift; name = NativeMarkdownParser.swift; path = OpenEdgeAI/NativeMarkdownParser.swift; sourceTree = "<group>"; };
		A5F000000000000000000006 /* NativeMarkdownTableViews.swift */ = {isa = PBXFileReference; lastKnownFileType = sourcecode.swift; name = NativeMarkdownTableViews.swift; path = OpenEdgeAI/NativeMarkdownTableViews.swift; sourceTree = "<group>"; };
		A5F000000000000000000007 /* NativeLocalizationKoreanMessages.swift */ = {isa = PBXFileReference; lastKnownFileType = sourcecode.swift; name = NativeLocalizationKoreanMessages.swift; path = OpenEdgeAI/NativeLocalizationKoreanMessages.swift; sourceTree = "<group>"; };
		A5F000000000000000000008 /* NativeLocalizationEnglishMessages.swift */ = {isa = PBXFileReference; lastKnownFileType = sourcecode.swift; name = NativeLocalizationEnglishMessages.swift; path = OpenEdgeAI/NativeLocalizationEnglishMessages.swift; sourceTree = "<group>"; };
		A5F000000000000000000009 /* NativeI18nKeys.swift */ = {isa = PBXFileReference; lastKnownFileType = sourcecode.swift; name = NativeI18nKeys.swift; path = OpenEdgeAI/NativeI18nKeys.swift; sourceTree = "<group>"; };
		A5F00000000000000000000A /* NativeLocalizationExtensions.swift */ = {isa = PBXFileReference; lastKnownFileType = sourcecode.swift; name = NativeLocalizationExtensions.swift; path = OpenEdgeAI/NativeLocalizationExtensions.swift; sourceTree = "<group>"; };
		A5F00000000000000000000B /* NativeChatStoreCalendarStorage.swift */ = {isa = PBXFileReference; lastKnownFileType = sourcecode.swift; name = NativeChatStoreCalendarStorage.swift; path = OpenEdgeAI/NativeChatStoreCalendarStorage.swift; sourceTree = "<group>"; };
		A5F00000000000000000000C /* NativeChatStoreAttachmentStorage.swift */ = {isa = PBXFileReference; lastKnownFileType = sourcecode.swift; name = NativeChatStoreAttachmentStorage.swift; path = OpenEdgeAI/NativeChatStoreAttachmentStorage.swift; sourceTree = "<group>"; };
		A5F00000000000000000000D /* NativeKnowledgeModels.swift */ = {isa = PBXFileReference; lastKnownFileType = sourcecode.swift; name = NativeKnowledgeModels.swift; path = OpenEdgeAI/NativeKnowledgeModels.swift; sourceTree = "<group>"; };
		A5F00000000000000000000E /* NativeDocumentTextExtractor.swift */ = {isa = PBXFileReference; lastKnownFileType = sourcecode.swift; name = NativeDocumentTextExtractor.swift; path = OpenEdgeAI/NativeDocumentTextExtractor.swift; sourceTree = "<group>"; };
		A5F00000000000000000000F /* NativeDeviceContextProvider.swift */ = {isa = PBXFileReference; lastKnownFileType = sourcecode.swift; name = NativeDeviceContextProvider.swift; path = OpenEdgeAI/NativeDeviceContextProvider.swift; sourceTree = "<group>"; };
		A5F000000000000000000010 /* AIEngineGemmaModelClientDownloadDelegate.swift */ = {isa = PBXFileReference; lastKnownFileType = sourcecode.swift; name = AIEngineGemmaModelClientDownloadDelegate.swift; path = OpenEdgeAI/AIEngineGemmaModelClientDownloadDelegate.swift; sourceTree = "<group>"; };
		A5F000000000000000000011 /* AIEngineGemmaModelClientRuntime.swift */ = {isa = PBXFileReference; lastKnownFileType = sourcecode.swift; name = AIEngineGemmaModelClientRuntime.swift; path = OpenEdgeAI/AIEngineGemmaModelClientRuntime.swift; sourceTree = "<group>"; };
		A5F000000000000000000012 /* AIEngineFoundationModelClientRuntime.swift */ = {isa = PBXFileReference; lastKnownFileType = sourcecode.swift; name = AIEngineFoundationModelClientRuntime.swift; path = OpenEdgeAI/AIEngineFoundationModelClientRuntime.swift; sourceTree = "<group>"; };
		A5F000000000000000000013 /* NativeChatStorePromptHistory.swift */ = {isa = PBXFileReference; lastKnownFileType = sourcecode.swift; name = NativeChatStorePromptHistory.swift; path = OpenEdgeAI/NativeChatStorePromptHistory.swift; sourceTree = "<group>"; };
		A5F000000000000000000014 /* NativeChatStoreSearchPrompt.swift */ = {isa = PBXFileReference; lastKnownFileType = sourcecode.swift; name = NativeChatStoreSearchPrompt.swift; path = OpenEdgeAI/NativeChatStoreSearchPrompt.swift; sourceTree = "<group>"; };
		A5F000000000000000000015 /* NativeChatStoreRuntimeContext.swift */ = {isa = PBXFileReference; lastKnownFileType = sourcecode.swift; name = NativeChatStoreRuntimeContext.swift; path = OpenEdgeAI/NativeChatStoreRuntimeContext.swift; sourceTree = "<group>"; };
		A5F000000000000000000016 /* NativeChatStoreStreamingBuffer.swift */ = {isa = PBXFileReference; lastKnownFileType = sourcecode.swift; name = NativeChatStoreStreamingBuffer.swift; path = OpenEdgeAI/NativeChatStoreStreamingBuffer.swift; sourceTree = "<group>"; };
		A5F000000000000000000017 /* NativeChatStoreSearchProgress.swift */ = {isa = PBXFileReference; lastKnownFileType = sourcecode.swift; name = NativeChatStoreSearchProgress.swift; path = OpenEdgeAI/NativeChatStoreSearchProgress.swift; sourceTree = "<group>"; };
		A5F000000000000000000018 /* NativeTodoSupportingModels.swift */ = {isa = PBXFileReference; lastKnownFileType = sourcecode.swift; name = NativeTodoSupportingModels.swift; path = OpenEdgeAI/NativeTodoSupportingModels.swift; sourceTree = "<group>"; };
		A5F000000000000000000019 /* NativeTodoSeedData.swift */ = {isa = PBXFileReference; lastKnownFileType = sourcecode.swift; name = NativeTodoSeedData.swift; path = OpenEdgeAI/NativeTodoSeedData.swift; sourceTree = "<group>"; };
		A5F00000000000000000001A /* NativeTodoSettingsComponents.swift */ = {isa = PBXFileReference; lastKnownFileType = sourcecode.swift; name = NativeTodoSettingsComponents.swift; path = OpenEdgeAI/NativeTodoSettingsComponents.swift; sourceTree = "<group>"; };
		A5F00000000000000000001B /* NativeChatComposerComponents.swift */ = {isa = PBXFileReference; lastKnownFileType = sourcecode.swift; name = NativeChatComposerComponents.swift; path = OpenEdgeAI/NativeChatComposerComponents.swift; sourceTree = "<group>"; };
		A5F00000000000000000001C /* NativeSearchComponents.swift */ = {isa = PBXFileReference; lastKnownFileType = sourcecode.swift; name = NativeSearchComponents.swift; path = OpenEdgeAI/NativeSearchComponents.swift; sourceTree = "<group>"; };
		A5F00000000000000000001D /* NativeTodoEditorComponents.swift */ = {isa = PBXFileReference; lastKnownFileType = sourcecode.swift; name = NativeTodoEditorComponents.swift; path = OpenEdgeAI/NativeTodoEditorComponents.swift; sourceTree = "<group>"; };
		A5F00000000000000000001E /* NativeToolRegistry.swift */ = {isa = PBXFileReference; lastKnownFileType = sourcecode.swift; name = NativeToolRegistry.swift; path = OpenEdgeAI/NativeToolRegistry.swift; sourceTree = "<group>"; };
		A5F00000000000000000001F /* NativeTodoTaskSupportingViews.swift */ = {isa = PBXFileReference; lastKnownFileType = sourcecode.swift; name = NativeTodoTaskSupportingViews.swift; path = OpenEdgeAI/NativeTodoTaskSupportingViews.swift; sourceTree = "<group>"; };
		A5F000000000000000000020 /* NativeMarkdownBlock.swift */ = {isa = PBXFileReference; lastKnownFileType = sourcecode.swift; name = NativeMarkdownBlock.swift; path = OpenEdgeAI/NativeMarkdownBlock.swift; sourceTree = "<group>"; };
		A6F000000000000000000001 /* NativeDynamicIslandPetSprites.swift */ = {isa = PBXFileReference; lastKnownFileType = sourcecode.swift; name = NativeDynamicIslandPetSprites.swift; path = OpenEdgeAI/NativeDynamicIslandPetSprites.swift; sourceTree = "<group>"; };
		A7F000000000000000000001 /* NativeOnboardingView.swift */ = {isa = PBXFileReference; lastKnownFileType = sourcecode.swift; name = NativeOnboardingView.swift; path = OpenEdgeAI/NativeOnboardingView.swift; sourceTree = "<group>"; };
		A9F000000000000000000001 /* NativeOnboardingIllustrations.swift */ = {isa = PBXFileReference; lastKnownFileType = sourcecode.swift; name = NativeOnboardingIllustrations.swift; path = OpenEdgeAI/NativeOnboardingIllustrations.swift; sourceTree = "<group>"; };
/* End PBXFileReference section */

/* Begin PBXFrameworksBuildPhase section */
		13B07F8C1A680F5B00A75B9A /* Frameworks */ = {
			isa = PBXFrameworksBuildPhase;
			buildActionMask = 2147483647;
			files = (
				0C80B921A6F3F58F76C31292 /* libPods-OpenEdgeAI.a in Frameworks */,
			);
			runOnlyForDeploymentPostprocessing = 0;
		};
		D1A00000000000000000000F /* Frameworks */ = {
			isa = PBXFrameworksBuildPhase;
			buildActionMask = 2147483647;
			files = (
			);
			runOnlyForDeploymentPostprocessing = 0;
		};
/* End PBXFrameworksBuildPhase section */

/* Begin PBXGroup section */
		13B07FAE1A68108700A75B9A /* OpenEdgeAI */ = {
			isa = PBXGroup;
			children = (
				13B07FB51A68108700A75B9A /* Images.xcassets */,
				761780EC2CA45674006654EE /* AppDelegate.swift */,
				A2B000000000000000000001 /* NativeModels.swift */,
				A2B000000000000000000002 /* NativeWebSearchService.swift */,
				A2B000000000000000000003 /* NativeKnowledgeServices.swift */,
				A2B000000000000000000004 /* NativeProjectModels.swift */,
				A2B000000000000000000005 /* NativeChatStore.swift */,
				A2F000000000000000000001 /* NativeLocalization.swift */,
				A2D000000000000000000001 /* NativeChatStoreDynamicIsland.swift */,
				A2C000000000000000000001 /* NativeRootView.swift */,
				A2C000000000000000000002 /* NativeDynamicIslandPetView.swift */,
				A2C000000000000000000003 /* NativeTopBarViews.swift */,
				A2C000000000000000000004 /* NativeChatTranscriptViews.swift */,
				A2C000000000000000000005 /* NativeMarkdownViews.swift */,
				A2C000000000000000000006 /* NativeInputViews.swift */,
				A2C000000000000000000007 /* NativeSessionsListView.swift */,
				A2C000000000000000000008 /* NativeProjectSessionsViews.swift */,
				A2C000000000000000000009 /* NativeSearchViews.swift */,
				A2C000000000000000000010 /* NativeProjectEditingViews.swift */,
				A2E000000000000000000001 /* NativeTodoListView.swift */,
				A2B000000000000000000008 /* NativeSettingsViews.swift */,
				A3F000000000000000000001 /* NativeAppInfoSettingsView.swift */,
				A3F000000000000000000002 /* NativeAppearanceSettingsView.swift */,
				A3F000000000000000000003 /* NativeAttachmentViews.swift */,
				A3F000000000000000000004 /* NativeChatModels.swift */,
				A3F000000000000000000005 /* NativeChatStoreGeneration.swift */,
				A3F000000000000000000006 /* NativeChatStoreInput.swift */,
				A3F000000000000000000007 /* NativeChatStoreModelSettings.swift */,
				A3F000000000000000000008 /* NativeChatStorePromptContext.swift */,
				A3F000000000000000000009 /* NativeChatStoreSessions.swift */,
				A3F00000000000000000000A /* NativeChatStoreStorage.swift */,
				A3F00000000000000000000B /* NativeChatStoreTodo.swift */,
				A4F000000000000000000001 /* NativeTodoChatTools.swift */,
				A4F000000000000000000002 /* NativeTodoChatToolHelpers.swift */,
				A4F000000000000000000003 /* NativeTodoChatToolFormatting.swift */,
				A4F000000000000000000004 /* NativeTodoToolParser.swift */,
				A3F00000000000000000000C /* NativeCitationTagRenderer.swift */,
				A3F00000000000000000000D /* NativeContextCompressedNotice.swift */,
				A3F00000000000000000000E /* NativeDynamicIslandModels.swift */,
				A6F000000000000000000001 /* NativeDynamicIslandPetSprites.swift */,
				A3F00000000000000000000F /* NativeEmptyChatView.swift */,
				A3F000000000000000000010 /* NativeGeneralSettingsView.swift */,
				A3F000000000000000000011 /* NativeInlineMarkdownText.swift */,
				A3F000000000000000000012 /* NativeInteractiveAttributedText.swift */,
				A3F000000000000000000013 /* NativeLocalizationMessages.swift */,
				A3F000000000000000000014 /* NativeMarkdownCodeBlock.swift */,
				A3F000000000000000000015 /* NativeMessageSourcesSheet.swift */,
				A3F000000000000000000016 /* NativeMessageView.swift */,
				A3F000000000000000000034 /* NativeChatComposerBar.swift */,
				A3F000000000000000000017 /* NativeModelConfiguration.swift */,
				A3F000000000000000000018 /* NativeModelSettingsView.swift */,
				A3F000000000000000000019 /* NativeModelStatus.swift */,
				A7F000000000000000000001 /* NativeOnboardingView.swift */,
				A9F000000000000000000001 /* NativeOnboardingIllustrations.swift */,
				A3F00000000000000000001A /* NativePersonalSettingsView.swift */,
				A3F00000000000000000001B /* NativeProjectComposerBar.swift */,
				A3F00000000000000000001C /* NativeProjectCreatorComponents.swift */,
				A3F00000000000000000001D /* NativeProjectSessionRow.swift */,
				A3F00000000000000000001E /* NativePromptCompressor.swift */,
				A3F00000000000000000001F /* NativePromptEditor.swift */,
				A3F000000000000000000033 /* NativeFloatingComposerSurface.swift */,
				A3F000000000000000000020 /* NativeQueueView.swift */,
				A3F000000000000000000021 /* NativeSessionListRow.swift */,
				A3F000000000000000000022 /* NativeSessionsHeaderControls.swift */,
				A3F000000000000000000023 /* NativeSessionsRows.swift */,
				A3F000000000000000000024 /* NativeSlashCommandViews.swift */,
				A3F000000000000000000025 /* NativeSourceFaviconViews.swift */,
				A3F000000000000000000026 /* NativeThemeColors.swift */,
				A3F000000000000000000027 /* NativeTodoCalendarSyncError.swift */,
				A3F000000000000000000028 /* NativeTodoEditorSheet.swift */,
				A3F000000000000000000029 /* NativeTodoModels.swift */,
				A3F00000000000000000002A /* NativeTodoSettingsSheet.swift */,
				A3F00000000000000000002B /* NativeTodoTaskViews.swift */,
				A3F00000000000000000002C /* NativeTodoTimelineViews.swift */,
				A3F00000000000000000002D /* NativeTodoWeekStrip.swift */,
				A3F00000000000000000002E /* NativeWebSearchFetching.swift */,
				A3F00000000000000000002F /* NativeWebSearchHTML.swift */,
				A3F000000000000000000030 /* NativeWebSearchModels.swift */,
				A3F000000000000000000031 /* NativeWebSearchParsing.swift */,
				A3F000000000000000000032 /* NativeWebSearchPlanning.swift */,
				A5F000000000000000000001 /* NativeTodoListModels.swift */,
				A5F000000000000000000002 /* NativeTodoListChrome.swift */,
				A5F000000000000000000003 /* NativeTodoListSections.swift */,
				A5F000000000000000000004 /* NativeTodoListCalendarContent.swift */,
				A5F000000000000000000005 /* NativeMarkdownParser.swift */,
				A5F000000000000000000020 /* NativeMarkdownBlock.swift */,
				A5F000000000000000000006 /* NativeMarkdownTableViews.swift */,
				A5F000000000000000000007 /* NativeLocalizationKoreanMessages.swift */,
				A5F000000000000000000008 /* NativeLocalizationEnglishMessages.swift */,
				A5F000000000000000000009 /* NativeI18nKeys.swift */,
				A5F00000000000000000000A /* NativeLocalizationExtensions.swift */,
				A5F00000000000000000000B /* NativeChatStoreCalendarStorage.swift */,
				A5F00000000000000000000C /* NativeChatStoreAttachmentStorage.swift */,
				A5F00000000000000000000D /* NativeKnowledgeModels.swift */,
				A5F00000000000000000000E /* NativeDocumentTextExtractor.swift */,
				A5F00000000000000000000F /* NativeDeviceContextProvider.swift */,
				A5F000000000000000000010 /* AIEngineGemmaModelClientDownloadDelegate.swift */,
				A5F000000000000000000011 /* AIEngineGemmaModelClientRuntime.swift */,
				A5F000000000000000000012 /* AIEngineFoundationModelClientRuntime.swift */,
				A5F000000000000000000013 /* NativeChatStorePromptHistory.swift */,
				A5F000000000000000000014 /* NativeChatStoreSearchPrompt.swift */,
				A5F000000000000000000015 /* NativeChatStoreRuntimeContext.swift */,
				A5F000000000000000000016 /* NativeChatStoreStreamingBuffer.swift */,
				A5F000000000000000000017 /* NativeChatStoreSearchProgress.swift */,
				A5F000000000000000000018 /* NativeTodoSupportingModels.swift */,
				A5F000000000000000000019 /* NativeTodoSeedData.swift */,
				A5F00000000000000000001A /* NativeTodoSettingsComponents.swift */,
				A5F00000000000000000001B /* NativeChatComposerComponents.swift */,
				A5F00000000000000000001C /* NativeSearchComponents.swift */,
				A5F00000000000000000001D /* NativeTodoEditorComponents.swift */,
				A5F00000000000000000001E /* NativeToolRegistry.swift */,
				A5F00000000000000000001F /* NativeTodoTaskSupportingViews.swift */,
				D1A000000000000000000001 /* DynamicIslandActivityAttributes.swift */,
				D1A000000000000000000004 /* NativeDynamicIslandLiveActivityController.swift */,
				A1F4C9A12D0B4E8591F00000 /* AIEngineFoundationModelClient.swift */,
				A1F4C9A12D0B4E8591F00004 /* AIEngineGemmaModelClient.swift */,
				A1F4C9A12D0B4E8591F00008 /* AIEngineLiteRtLmRuntime.h */,
				A1F4C9A12D0B4E8591F00006 /* AIEngineLiteRtLmRuntime.mm */,
				A1F4C9A12D0B4E8591F00009 /* OpenEdgeAI-Bridging-Header.h */,
				13B07FB61A68108700A75B9A /* Info.plist */,
				81AB9BB72411601600AC10FF /* LaunchScreen.storyboard */,
				13B07FB81A68108700A75B9A /* PrivacyInfo.xcprivacy */,
			);
			name = OpenEdgeAI;
			sourceTree = "<group>";
		};
		2D16E6871FA4F8E400B85C8A /* Frameworks */ = {
			isa = PBXGroup;
			children = (
				ED297162215061F000B7C4FE /* JavaScriptCore.framework */,
				5DCACB8F33CDC322A6C60F78 /* libPods-OpenEdgeAI.a */,
			);
			name = Frameworks;
			sourceTree = "<group>";
		};
		832341AE1AAA6A7D00B99B32 /* Libraries */ = {
			isa = PBXGroup;
			children = (
			);
			name = Libraries;
			sourceTree = "<group>";
		};
		83CBB9F61A601CBA00E9B192 = {
			isa = PBXGroup;
			children = (
				13B07FAE1A68108700A75B9A /* OpenEdgeAI */,
				D1A000000000000000000006 /* OpenEdgeAIWidget */,
				832341AE1AAA6A7D00B99B32 /* Libraries */,
				83CBBA001A601CBA00E9B192 /* Products */,
				2D16E6871FA4F8E400B85C8A /* Frameworks */,
				BBD78D7AC51CEA395F1C20DB /* Pods */,
			);
			indentWidth = 2;
			sourceTree = "<group>";
			tabWidth = 2;
			usesTabs = 0;
		};
		83CBBA001A601CBA00E9B192 /* Products */ = {
			isa = PBXGroup;
			children = (
				13B07F961A680F5B00A75B9A /* OpenEdgeAI.app */,
				D1A00000000000000000000C /* OpenEdgeAIWidget.appex */,
			);
			name = Products;
			sourceTree = "<group>";
		};
		D1A000000000000000000006 /* OpenEdgeAIWidget */ = {
			isa = PBXGroup;
			children = (
				D1A000000000000000000007 /* Info.plist */,
				D1A000000000000000000008 /* OpenEdgeAIWidgetBundle.swift */,
				D1A00000000000000000000A /* OpenEdgeAILiveActivityWidget.swift */,
			);
			name = OpenEdgeAIWidget;
			sourceTree = "<group>";
		};
		BBD78D7AC51CEA395F1C20DB /* Pods */ = {
			isa = PBXGroup;
			children = (
				3B4392A12AC88292D35C810B /* Pods-OpenEdgeAI.debug.xcconfig */,
				5709B34CF0A7D63546082F79 /* Pods-OpenEdgeAI.release.xcconfig */,
			);
			path = Pods;
			sourceTree = "<group>";
		};
/* End PBXGroup section */

/* Begin PBXNativeTarget section */
		13B07F861A680F5B00A75B9A /* OpenEdgeAI */ = {
			isa = PBXNativeTarget;
			buildConfigurationList = 13B07F931A680F5B00A75B9A /* Build configuration list for PBXNativeTarget "OpenEdgeAI" */;
			buildPhases = (
				C38B50BA6285516D6DCD4F65 /* [CP] Check Pods Manifest.lock */,
				13B07F871A680F5B00A75B9A /* Sources */,
				13B07F8C1A680F5B00A75B9A /* Frameworks */,
				13B07F8E1A680F5B00A75B9A /* Resources */,
				D1A000000000000000000015 /* Embed App Extensions */,
				00EEFC60759A1932668264C0 /* [CP] Embed Pods Frameworks */,
			);
			buildRules = (
			);
			dependencies = (
				D1A000000000000000000016 /* PBXTargetDependency */,
			);
			name = OpenEdgeAI;
			productName = OpenEdgeAI;
			productReference = 13B07F961A680F5B00A75B9A /* OpenEdgeAI.app */;
			productType = "com.apple.product-type.application";
		};
		D1A000000000000000000011 /* OpenEdgeAIWidget */ = {
			isa = PBXNativeTarget;
			buildConfigurationList = D1A000000000000000000014 /* Build configuration list for PBXNativeTarget "OpenEdgeAIWidget" */;
			buildPhases = (
				D1A00000000000000000000E /* Sources */,
				D1A00000000000000000000F /* Frameworks */,
				D1A000000000000000000010 /* Resources */,
			);
			buildRules = (
			);
			dependencies = (
			);
			name = OpenEdgeAIWidget;
			productName = OpenEdgeAIWidget;
			productReference = D1A00000000000000000000C /* OpenEdgeAIWidget.appex */;
			productType = "com.apple.product-type.app-extension";
		};
/* End PBXNativeTarget section */

/* Begin PBXProject section */
		83CBB9F71A601CBA00E9B192 /* Project object */ = {
			isa = PBXProject;
			attributes = {
				LastUpgradeCheck = 1210;
				TargetAttributes = {
					13B07F861A680F5B00A75B9A = {
						LastSwiftMigration = 1120;
					};
					D1A000000000000000000011 = {
						CreatedOnToolsVersion = 16.2;
					};
				};
			};
			buildConfigurationList = 83CBB9FA1A601CBA00E9B192 /* Build configuration list for PBXProject "OpenEdgeAI" */;
			compatibilityVersion = "Xcode 12.0";
			developmentRegion = en;
			hasScannedForEncodings = 0;
			knownRegions = (
				en,
				Base,
			);
			mainGroup = 83CBB9F61A601CBA00E9B192;
			productRefGroup = 83CBBA001A601CBA00E9B192 /* Products */;
			projectDirPath = "";
			projectRoot = "";
			targets = (
				13B07F861A680F5B00A75B9A /* OpenEdgeAI */,
				D1A000000000000000000011 /* OpenEdgeAIWidget */,
			);
		};
/* End PBXProject section */

/* Begin PBXResourcesBuildPhase section */
		13B07F8E1A680F5B00A75B9A /* Resources */ = {
			isa = PBXResourcesBuildPhase;
			buildActionMask = 2147483647;
			files = (
				81AB9BB82411601600AC10FF /* LaunchScreen.storyboard in Resources */,
				13B07FBF1A68108700A75B9A /* Images.xcassets in Resources */,
				2D47E8EF76AE2445613FD9E7 /* PrivacyInfo.xcprivacy in Resources */,
			);
			runOnlyForDeploymentPostprocessing = 0;
		};
		D1A000000000000000000010 /* Resources */ = {
			isa = PBXResourcesBuildPhase;
			buildActionMask = 2147483647;
			files = (
			);
			runOnlyForDeploymentPostprocessing = 0;
		};
/* End PBXResourcesBuildPhase section */

/* Begin PBXShellScriptBuildPhase section */
		00EEFC60759A1932668264C0 /* [CP] Embed Pods Frameworks */ = {
			isa = PBXShellScriptBuildPhase;
			buildActionMask = 2147483647;
			files = (
			);
			inputFileListPaths = (
				"${PODS_ROOT}/Target Support Files/Pods-OpenEdgeAI/Pods-OpenEdgeAI-frameworks-${CONFIGURATION}-input-files.xcfilelist",
			);
			name = "[CP] Embed Pods Frameworks";
			outputFileListPaths = (
				"${PODS_ROOT}/Target Support Files/Pods-OpenEdgeAI/Pods-OpenEdgeAI-frameworks-${CONFIGURATION}-output-files.xcfilelist",
			);
			runOnlyForDeploymentPostprocessing = 0;
			shellPath = /bin/sh;
			shellScript = "\"${PODS_ROOT}/Target Support Files/Pods-OpenEdgeAI/Pods-OpenEdgeAI-frameworks.sh\"\n";
			showEnvVarsInLog = 0;
		};
		C38B50BA6285516D6DCD4F65 /* [CP] Check Pods Manifest.lock */ = {
			isa = PBXShellScriptBuildPhase;
			buildActionMask = 2147483647;
			files = (
			);
			inputFileListPaths = (
			);
			inputPaths = (
				"${PODS_PODFILE_DIR_PATH}/Podfile.lock",
				"${PODS_ROOT}/Manifest.lock",
			);
			name = "[CP] Check Pods Manifest.lock";
			outputFileListPaths = (
			);
			outputPaths = (
				"$(DERIVED_FILE_DIR)/Pods-OpenEdgeAI-checkManifestLockResult.txt",
			);
			runOnlyForDeploymentPostprocessing = 0;
			shellPath = /bin/sh;
			shellScript = "diff \"${PODS_PODFILE_DIR_PATH}/Podfile.lock\" \"${PODS_ROOT}/Manifest.lock\" > /dev/null\nif [ $? != 0 ] ; then\n    # print error to STDERR\n    echo \"error: The sandbox is not in sync with the Podfile.lock. Run 'pod install' or update your CocoaPods installation.\" >&2\n    exit 1\nfi\n# This output is used by Xcode 'outputs' to avoid re-running this script phase.\necho \"SUCCESS\" > \"${SCRIPT_OUTPUT_FILE_0}\"\n";
			showEnvVarsInLog = 0;
		};
/* End PBXShellScriptBuildPhase section */

/* Begin PBXSourcesBuildPhase section */
		13B07F871A680F5B00A75B9A /* Sources */ = {
			isa = PBXSourcesBuildPhase;
			buildActionMask = 2147483647;
			files = (
				761780ED2CA45674006654EE /* AppDelegate.swift in Sources */,
				A2B000000000000000000101 /* NativeModels.swift in Sources */,
				A2B000000000000000000102 /* NativeWebSearchService.swift in Sources */,
				A2B000000000000000000103 /* NativeKnowledgeServices.swift in Sources */,
				A2B000000000000000000104 /* NativeProjectModels.swift in Sources */,
				A2B000000000000000000105 /* NativeChatStore.swift in Sources */,
				A2F000000000000000000101 /* NativeLocalization.swift in Sources */,
				A2D000000000000000000101 /* NativeChatStoreDynamicIsland.swift in Sources */,
				A2C000000000000000000101 /* NativeRootView.swift in Sources */,
				A2C000000000000000000102 /* NativeDynamicIslandPetView.swift in Sources */,
				A2C000000000000000000103 /* NativeTopBarViews.swift in Sources */,
				A2C000000000000000000104 /* NativeChatTranscriptViews.swift in Sources */,
				A2C000000000000000000105 /* NativeMarkdownViews.swift in Sources */,
				A2C000000000000000000106 /* NativeInputViews.swift in Sources */,
				A2C000000000000000000107 /* NativeSessionsListView.swift in Sources */,
				A2C000000000000000000108 /* NativeProjectSessionsViews.swift in Sources */,
				A2C000000000000000000109 /* NativeSearchViews.swift in Sources */,
				A2C000000000000000000110 /* NativeProjectEditingViews.swift in Sources */,
				A2E000000000000000000101 /* NativeTodoListView.swift in Sources */,
				A2B000000000000000000108 /* NativeSettingsViews.swift in Sources */,
				A3E000000000000000000001 /* NativeAppInfoSettingsView.swift in Sources */,
				A3E000000000000000000002 /* NativeAppearanceSettingsView.swift in Sources */,
				A3E000000000000000000003 /* NativeAttachmentViews.swift in Sources */,
				A3E000000000000000000004 /* NativeChatModels.swift in Sources */,
				A3E000000000000000000005 /* NativeChatStoreGeneration.swift in Sources */,
				A3E000000000000000000006 /* NativeChatStoreInput.swift in Sources */,
				A3E000000000000000000007 /* NativeChatStoreModelSettings.swift in Sources */,
				A3E000000000000000000008 /* NativeChatStorePromptContext.swift in Sources */,
				A3E000000000000000000009 /* NativeChatStoreSessions.swift in Sources */,
				A3E00000000000000000000A /* NativeChatStoreStorage.swift in Sources */,
				A3E00000000000000000000B /* NativeChatStoreTodo.swift in Sources */,
				A4E000000000000000000001 /* NativeTodoChatTools.swift in Sources */,
				A4E000000000000000000002 /* NativeTodoChatToolHelpers.swift in Sources */,
				A4E000000000000000000003 /* NativeTodoChatToolFormatting.swift in Sources */,
				A4E000000000000000000004 /* NativeTodoToolParser.swift in Sources */,
				A3E00000000000000000000C /* NativeCitationTagRenderer.swift in Sources */,
				A3E00000000000000000000D /* NativeContextCompressedNotice.swift in Sources */,
				A3E00000000000000000000E /* NativeDynamicIslandModels.swift in Sources */,
				A3E00000000000000000000F /* NativeEmptyChatView.swift in Sources */,
				A3E000000000000000000010 /* NativeGeneralSettingsView.swift in Sources */,
				A3E000000000000000000011 /* NativeInlineMarkdownText.swift in Sources */,
				A3E000000000000000000012 /* NativeInteractiveAttributedText.swift in Sources */,
				A3E000000000000000000013 /* NativeLocalizationMessages.swift in Sources */,
				A3E000000000000000000014 /* NativeMarkdownCodeBlock.swift in Sources */,
				A3E000000000000000000015 /* NativeMessageSourcesSheet.swift in Sources */,
				A3E000000000000000000016 /* NativeMessageView.swift in Sources */,
				A3E000000000000000000034 /* NativeChatComposerBar.swift in Sources */,
				A3E000000000000000000017 /* NativeModelConfiguration.swift in Sources */,
				A3E000000000000000000018 /* NativeModelSettingsView.swift in Sources */,
				A3E000000000000000000019 /* NativeModelStatus.swift in Sources */,
				A3E00000000000000000001A /* NativePersonalSettingsView.swift in Sources */,
				A3E00000000000000000001B /* NativeProjectComposerBar.swift in Sources */,
				A3E00000000000000000001C /* NativeProjectCreatorComponents.swift in Sources */,
				A3E00000000000000000001D /* NativeProjectSessionRow.swift in Sources */,
				A3E00000000000000000001E /* NativePromptCompressor.swift in Sources */,
				A3E00000000000000000001F /* NativePromptEditor.swift in Sources */,
				A3E000000000000000000033 /* NativeFloatingComposerSurface.swift in Sources */,
				A3E000000000000000000020 /* NativeQueueView.swift in Sources */,
				A3E000000000000000000021 /* NativeSessionListRow.swift in Sources */,
				A3E000000000000000000022 /* NativeSessionsHeaderControls.swift in Sources */,
				A3E000000000000000000023 /* NativeSessionsRows.swift in Sources */,
				A3E000000000000000000024 /* NativeSlashCommandViews.swift in Sources */,
				A3E000000000000000000025 /* NativeSourceFaviconViews.swift in Sources */,
				A3E000000000000000000026 /* NativeThemeColors.swift in Sources */,
				A3E000000000000000000027 /* NativeTodoCalendarSyncError.swift in Sources */,
				A3E000000000000000000028 /* NativeTodoEditorSheet.swift in Sources */,
				A3E000000000000000000029 /* NativeTodoModels.swift in Sources */,
				A3E00000000000000000002A /* NativeTodoSettingsSheet.swift in Sources */,
				A3E00000000000000000002B /* NativeTodoTaskViews.swift in Sources */,
				A3E00000000000000000002C /* NativeTodoTimelineViews.swift in Sources */,
				A3E00000000000000000002D /* NativeTodoWeekStrip.swift in Sources */,
				A3E00000000000000000002E /* NativeWebSearchFetching.swift in Sources */,
				A3E00000000000000000002F /* NativeWebSearchHTML.swift in Sources */,
				A3E000000000000000000030 /* NativeWebSearchModels.swift in Sources */,
				A3E000000000000000000031 /* NativeWebSearchParsing.swift in Sources */,
				A3E000000000000000000032 /* NativeWebSearchPlanning.swift in Sources */,
				A5E000000000000000000001 /* NativeTodoListModels.swift in Sources */,
				A5E000000000000000000002 /* NativeTodoListChrome.swift in Sources */,
				A5E000000000000000000003 /* NativeTodoListSections.swift in Sources */,
				A5E000000000000000000004 /* NativeTodoListCalendarContent.swift in Sources */,
				A5E000000000000000000005 /* NativeMarkdownParser.swift in Sources */,
				A5E000000000000000000020 /* NativeMarkdownBlock.swift in Sources */,
				A5E000000000000000000006 /* NativeMarkdownTableViews.swift in Sources */,
				A5E000000000000000000007 /* NativeLocalizationKoreanMessages.swift in Sources */,
				A5E000000000000000000008 /* NativeLocalizationEnglishMessages.swift in Sources */,
				A5E000000000000000000009 /* NativeI18nKeys.swift in Sources */,
				A5E00000000000000000000A /* NativeLocalizationExtensions.swift in Sources */,
				A5E00000000000000000000B /* NativeChatStoreCalendarStorage.swift in Sources */,
				A5E00000000000000000000C /* NativeChatStoreAttachmentStorage.swift in Sources */,
				A5E00000000000000000000D /* NativeKnowledgeModels.swift in Sources */,
				A5E00000000000000000000E /* NativeDocumentTextExtractor.swift in Sources */,
				A5E00000000000000000000F /* NativeDeviceContextProvider.swift in Sources */,
				A5E000000000000000000010 /* AIEngineGemmaModelClientDownloadDelegate.swift in Sources */,
				A5E000000000000000000011 /* AIEngineGemmaModelClientRuntime.swift in Sources */,
				A5E000000000000000000012 /* AIEngineFoundationModelClientRuntime.swift in Sources */,
				A5E000000000000000000013 /* NativeChatStorePromptHistory.swift in Sources */,
				A5E000000000000000000014 /* NativeChatStoreSearchPrompt.swift in Sources */,
				A5E000000000000000000015 /* NativeChatStoreRuntimeContext.swift in Sources */,
				A5E000000000000000000016 /* NativeChatStoreStreamingBuffer.swift in Sources */,
				A5E000000000000000000017 /* NativeChatStoreSearchProgress.swift in Sources */,
				A7E000000000000000000001 /* NativeOnboardingView.swift in Sources */,
				A9E000000000000000000001 /* NativeOnboardingIllustrations.swift in Sources */,
				A5E000000000000000000018 /* NativeTodoSupportingModels.swift in Sources */,
				A5E000000000000000000019 /* NativeTodoSeedData.swift in Sources */,
				A5E00000000000000000001A /* NativeTodoSettingsComponents.swift in Sources */,
				A5E00000000000000000001B /* NativeChatComposerComponents.swift in Sources */,
				A5E00000000000000000001C /* NativeSearchComponents.swift in Sources */,
				A5E00000000000000000001D /* NativeTodoEditorComponents.swift in Sources */,
				A5E00000000000000000001E /* NativeToolRegistry.swift in Sources */,
				A5E00000000000000000001F /* NativeTodoTaskSupportingViews.swift in Sources */,
				A6E000000000000000000001 /* NativeDynamicIslandPetSprites.swift in Sources */,
				D1A000000000000000000002 /* DynamicIslandActivityAttributes.swift in Sources */,
				D1A000000000000000000005 /* NativeDynamicIslandLiveActivityController.swift in Sources */,
				A1F4C9A12D0B4E8591F00001 /* AIEngineFoundationModelClient.swift in Sources */,
				A1F4C9A12D0B4E8591F00005 /* AIEngineGemmaModelClient.swift in Sources */,
				A1F4C9A12D0B4E8591F00007 /* AIEngineLiteRtLmRuntime.mm in Sources */,
			);
			runOnlyForDeploymentPostprocessing = 0;
		};
		D1A00000000000000000000E /* Sources */ = {
			isa = PBXSourcesBuildPhase;
			buildActionMask = 2147483647;
			files = (
				D1A000000000000000000003 /* DynamicIslandActivityAttributes.swift in Sources */,
				A6E000000000000000000002 /* NativeDynamicIslandPetSprites.swift in Sources */,
				D1A000000000000000000009 /* OpenEdgeAIWidgetBundle.swift in Sources */,
				D1A00000000000000000000B /* OpenEdgeAILiveActivityWidget.swift in Sources */,
			);
			runOnlyForDeploymentPostprocessing = 0;
		};
/* End PBXSourcesBuildPhase section */

/* Begin PBXTargetDependency section */
		D1A000000000000000000016 /* PBXTargetDependency */ = {
			isa = PBXTargetDependency;
			target = D1A000000000000000000011 /* OpenEdgeAIWidget */;
			targetProxy = D1A000000000000000000017 /* PBXContainerItemProxy */;
		};
/* End PBXTargetDependency section */

/* Begin XCBuildConfiguration section */
		13B07F941A680F5B00A75B9A /* Debug */ = {
			isa = XCBuildConfiguration;
			baseConfigurationReference = 3B4392A12AC88292D35C810B /* Pods-OpenEdgeAI.debug.xcconfig */;
			buildSettings = {
				ASSETCATALOG_COMPILER_APPICON_NAME = AppIcon;
				CLANG_ENABLE_MODULES = YES;
				CURRENT_PROJECT_VERSION = 1;
				ENABLE_BITCODE = NO;
				INFOPLIST_FILE = OpenEdgeAI/Info.plist;
				IPHONEOS_DEPLOYMENT_TARGET = 26.2;
				LD_RUNPATH_SEARCH_PATHS = (
					"$(inherited)",
					"@executable_path/Frameworks",
				);
				MARKETING_VERSION = 1.0;
				OTHER_LDFLAGS = (
					"$(inherited)",
					"-ObjC",
				);
				PRODUCT_BUNDLE_IDENTIFIER = com.openedgeai;
				PRODUCT_NAME = OpenEdgeAI;
				SUPPORTED_PLATFORMS = "iphoneos iphonesimulator";
				SWIFT_OBJC_BRIDGING_HEADER = "OpenEdgeAI/OpenEdgeAI-Bridging-Header.h";
				SWIFT_OPTIMIZATION_LEVEL = "-Onone";
				SWIFT_VERSION = 5.0;
				TARGETED_DEVICE_FAMILY = "1,2";
				VERSIONING_SYSTEM = "apple-generic";
			};
			name = Debug;
		};
		13B07F951A680F5B00A75B9A /* Release */ = {
			isa = XCBuildConfiguration;
			baseConfigurationReference = 5709B34CF0A7D63546082F79 /* Pods-OpenEdgeAI.release.xcconfig */;
			buildSettings = {
				ASSETCATALOG_COMPILER_APPICON_NAME = AppIcon;
				CLANG_ENABLE_MODULES = YES;
				CURRENT_PROJECT_VERSION = 1;
				INFOPLIST_FILE = OpenEdgeAI/Info.plist;
				IPHONEOS_DEPLOYMENT_TARGET = 26.2;
				LD_RUNPATH_SEARCH_PATHS = (
					"$(inherited)",
					"@executable_path/Frameworks",
				);
				MARKETING_VERSION = 1.0;
				OTHER_LDFLAGS = (
					"$(inherited)",
					"-ObjC",
				);
				PRODUCT_BUNDLE_IDENTIFIER = com.openedgeai;
				PRODUCT_NAME = OpenEdgeAI;
				SUPPORTED_PLATFORMS = "iphoneos iphonesimulator";
				SWIFT_OBJC_BRIDGING_HEADER = "OpenEdgeAI/OpenEdgeAI-Bridging-Header.h";
				SWIFT_VERSION = 5.0;
				TARGETED_DEVICE_FAMILY = "1,2";
				VERSIONING_SYSTEM = "apple-generic";
			};
			name = Release;
		};
		D1A000000000000000000012 /* Debug */ = {
			isa = XCBuildConfiguration;
			buildSettings = {
				APPLICATION_EXTENSION_API_ONLY = YES;
				CLANG_ENABLE_MODULES = YES;
				CURRENT_PROJECT_VERSION = 1;
				ENABLE_BITCODE = NO;
				INFOPLIST_FILE = OpenEdgeAIWidget/Info.plist;
				IPHONEOS_DEPLOYMENT_TARGET = 26.2;
				LD_RUNPATH_SEARCH_PATHS = (
					"$(inherited)",
					"@executable_path/Frameworks",
					"@executable_path/../../Frameworks",
				);
				MARKETING_VERSION = 1.0;
				PRODUCT_BUNDLE_IDENTIFIER = com.openedgeai.widget;
				PRODUCT_NAME = "$(TARGET_NAME)";
				SKIP_INSTALL = YES;
				SUPPORTED_PLATFORMS = "iphoneos iphonesimulator";
				SWIFT_OPTIMIZATION_LEVEL = "-Onone";
				SWIFT_VERSION = 5.0;
				TARGETED_DEVICE_FAMILY = "1,2";
			};
			name = Debug;
		};
		D1A000000000000000000013 /* Release */ = {
			isa = XCBuildConfiguration;
			buildSettings = {
				APPLICATION_EXTENSION_API_ONLY = YES;
				CLANG_ENABLE_MODULES = YES;
				CURRENT_PROJECT_VERSION = 1;
				ENABLE_BITCODE = NO;
				INFOPLIST_FILE = OpenEdgeAIWidget/Info.plist;
				IPHONEOS_DEPLOYMENT_TARGET = 26.2;
				LD_RUNPATH_SEARCH_PATHS = (
					"$(inherited)",
					"@executable_path/Frameworks",
					"@executable_path/../../Frameworks",
				);
				MARKETING_VERSION = 1.0;
				PRODUCT_BUNDLE_IDENTIFIER = com.openedgeai.widget;
				PRODUCT_NAME = "$(TARGET_NAME)";
				SKIP_INSTALL = YES;
				SUPPORTED_PLATFORMS = "iphoneos iphonesimulator";
				SWIFT_VERSION = 5.0;
				TARGETED_DEVICE_FAMILY = "1,2";
			};
			name = Release;
		};
		83CBBA201A601CBA00E9B192 /* Debug */ = {
			isa = XCBuildConfiguration;
			buildSettings = {
				ALWAYS_SEARCH_USER_PATHS = NO;
				CLANG_ANALYZER_LOCALIZABILITY_NONLOCALIZED = YES;
				CLANG_CXX_LANGUAGE_STANDARD = "c++20";
				CLANG_CXX_LIBRARY = "libc++";
				CLANG_ENABLE_MODULES = YES;
				CLANG_ENABLE_OBJC_ARC = YES;
				CLANG_WARN_BLOCK_CAPTURE_AUTORELEASING = YES;
				CLANG_WARN_BOOL_CONVERSION = YES;
				CLANG_WARN_COMMA = YES;
				CLANG_WARN_CONSTANT_CONVERSION = YES;
				CLANG_WARN_DEPRECATED_OBJC_IMPLEMENTATIONS = YES;
				CLANG_WARN_DIRECT_OBJC_ISA_USAGE = YES_ERROR;
				CLANG_WARN_EMPTY_BODY = YES;
				CLANG_WARN_ENUM_CONVERSION = YES;
				CLANG_WARN_INFINITE_RECURSION = YES;
				CLANG_WARN_INT_CONVERSION = YES;
				CLANG_WARN_NON_LITERAL_NULL_CONVERSION = YES;
				CLANG_WARN_OBJC_IMPLICIT_RETAIN_SELF = YES;
				CLANG_WARN_OBJC_LITERAL_CONVERSION = YES;
				CLANG_WARN_OBJC_ROOT_CLASS = YES_ERROR;
				CLANG_WARN_QUOTED_INCLUDE_IN_FRAMEWORK_HEADER = YES;
				CLANG_WARN_RANGE_LOOP_ANALYSIS = YES;
				CLANG_WARN_STRICT_PROTOTYPES = YES;
				CLANG_WARN_SUSPICIOUS_MOVE = YES;
				CLANG_WARN_UNREACHABLE_CODE = YES;
				CLANG_WARN__DUPLICATE_METHOD_MATCH = YES;
				"CODE_SIGN_IDENTITY[sdk=iphoneos*]" = "iPhone Developer";
				COPY_PHASE_STRIP = NO;
				ENABLE_STRICT_OBJC_MSGSEND = YES;
				ENABLE_TESTABILITY = YES;
				"EXCLUDED_ARCHS[sdk=iphonesimulator*]" = "";
				GCC_C_LANGUAGE_STANDARD = gnu99;
				GCC_DYNAMIC_NO_PIC = NO;
				GCC_NO_COMMON_BLOCKS = YES;
				GCC_OPTIMIZATION_LEVEL = 0;
				GCC_PREPROCESSOR_DEFINITIONS = (
					"DEBUG=1",
					"$(inherited)",
				);
				GCC_SYMBOLS_PRIVATE_EXTERN = NO;
				GCC_WARN_64_TO_32_BIT_CONVERSION = YES;
				GCC_WARN_ABOUT_RETURN_TYPE = YES_ERROR;
				GCC_WARN_UNDECLARED_SELECTOR = YES;
				GCC_WARN_UNINITIALIZED_AUTOS = YES_AGGRESSIVE;
				GCC_WARN_UNUSED_FUNCTION = YES;
				GCC_WARN_UNUSED_VARIABLE = YES;
				IPHONEOS_DEPLOYMENT_TARGET = 26.2;
				LD_RUNPATH_SEARCH_PATHS = (
					/usr/lib/swift,
					"$(inherited)",
				);
				LIBRARY_SEARCH_PATHS = (
					"\"$(SDKROOT)/usr/lib/swift\"",
					"\"$(TOOLCHAIN_DIR)/usr/lib/swift/$(PLATFORM_NAME)\"",
					"\"$(inherited)\"",
				);
				MTL_ENABLE_DEBUG_INFO = YES;
				ONLY_ACTIVE_ARCH = YES;
				OTHER_CFLAGS = (
					"$(inherited)",
				);
				SDKROOT = iphoneos;
				SWIFT_ACTIVE_COMPILATION_CONDITIONS = "$(inherited) DEBUG";
				SWIFT_ENABLE_EXPLICIT_MODULES = NO;
			};
			name = Debug;
		};
		83CBBA211A601CBA00E9B192 /* Release */ = {
			isa = XCBuildConfiguration;
			buildSettings = {
				ALWAYS_SEARCH_USER_PATHS = NO;
				CLANG_ANALYZER_LOCALIZABILITY_NONLOCALIZED = YES;
				CLANG_CXX_LANGUAGE_STANDARD = "c++20";
				CLANG_CXX_LIBRARY = "libc++";
				CLANG_ENABLE_MODULES = YES;
				CLANG_ENABLE_OBJC_ARC = YES;
				CLANG_WARN_BLOCK_CAPTURE_AUTORELEASING = YES;
				CLANG_WARN_BOOL_CONVERSION = YES;
				CLANG_WARN_COMMA = YES;
				CLANG_WARN_CONSTANT_CONVERSION = YES;
				CLANG_WARN_DEPRECATED_OBJC_IMPLEMENTATIONS = YES;
				CLANG_WARN_DIRECT_OBJC_ISA_USAGE = YES_ERROR;
				CLANG_WARN_EMPTY_BODY = YES;
				CLANG_WARN_ENUM_CONVERSION = YES;
				CLANG_WARN_INFINITE_RECURSION = YES;
				CLANG_WARN_INT_CONVERSION = YES;
				CLANG_WARN_NON_LITERAL_NULL_CONVERSION = YES;
				CLANG_WARN_OBJC_IMPLICIT_RETAIN_SELF = YES;
				CLANG_WARN_OBJC_LITERAL_CONVERSION = YES;
				CLANG_WARN_OBJC_ROOT_CLASS = YES_ERROR;
				CLANG_WARN_QUOTED_INCLUDE_IN_FRAMEWORK_HEADER = YES;
				CLANG_WARN_RANGE_LOOP_ANALYSIS = YES;
				CLANG_WARN_STRICT_PROTOTYPES = YES;
				CLANG_WARN_SUSPICIOUS_MOVE = YES;
				CLANG_WARN_UNREACHABLE_CODE = YES;
				CLANG_WARN__DUPLICATE_METHOD_MATCH = YES;
				"CODE_SIGN_IDENTITY[sdk=iphoneos*]" = "iPhone Developer";
				COPY_PHASE_STRIP = YES;
				ENABLE_NS_ASSERTIONS = NO;
				ENABLE_STRICT_OBJC_MSGSEND = YES;
				"EXCLUDED_ARCHS[sdk=iphonesimulator*]" = "";
				GCC_C_LANGUAGE_STANDARD = gnu99;
				GCC_NO_COMMON_BLOCKS = YES;
				GCC_WARN_64_TO_32_BIT_CONVERSION = YES;
				GCC_WARN_ABOUT_RETURN_TYPE = YES_ERROR;
				GCC_WARN_UNDECLARED_SELECTOR = YES;
				GCC_WARN_UNINITIALIZED_AUTOS = YES_AGGRESSIVE;
				GCC_WARN_UNUSED_FUNCTION = YES;
				GCC_WARN_UNUSED_VARIABLE = YES;
				IPHONEOS_DEPLOYMENT_TARGET = 26.2;
				LD_RUNPATH_SEARCH_PATHS = (
					/usr/lib/swift,
					"$(inherited)",
				);
				LIBRARY_SEARCH_PATHS = (
					"\"$(SDKROOT)/usr/lib/swift\"",
					"\"$(TOOLCHAIN_DIR)/usr/lib/swift/$(PLATFORM_NAME)\"",
					"\"$(inherited)\"",
				);
				MTL_ENABLE_DEBUG_INFO = NO;
				OTHER_CFLAGS = (
					"$(inherited)",
				);
				SDKROOT = iphoneos;
				SWIFT_ENABLE_EXPLICIT_MODULES = NO;
				VALIDATE_PRODUCT = YES;
			};
			name = Release;
		};
/* End XCBuildConfiguration section */

/* Begin XCConfigurationList section */
		13B07F931A680F5B00A75B9A /* Build configuration list for PBXNativeTarget "OpenEdgeAI" */ = {
			isa = XCConfigurationList;
			buildConfigurations = (
				13B07F941A680F5B00A75B9A /* Debug */,
				13B07F951A680F5B00A75B9A /* Release */,
			);
			defaultConfigurationIsVisible = 0;
			defaultConfigurationName = Release;
		};
		D1A000000000000000000014 /* Build configuration list for PBXNativeTarget "OpenEdgeAIWidget" */ = {
			isa = XCConfigurationList;
			buildConfigurations = (
				D1A000000000000000000012 /* Debug */,
				D1A000000000000000000013 /* Release */,
			);
			defaultConfigurationIsVisible = 0;
			defaultConfigurationName = Release;
		};
		83CBB9FA1A601CBA00E9B192 /* Build configuration list for PBXProject "OpenEdgeAI" */ = {
			isa = XCConfigurationList;
			buildConfigurations = (
				83CBBA201A601CBA00E9B192 /* Debug */,
				83CBBA211A601CBA00E9B192 /* Release */,
			);
			defaultConfigurationIsVisible = 0;
			defaultConfigurationName = Release;
		};
/* End XCConfigurationList section */
	};
	rootObject = 83CBB9F71A601CBA00E9B192 /* Project object */;
}
